<?xml version="1.0" encoding="utf-8"?>
<Project ToolsVersion="4.0" xmlns="http://schemas.microsoft.com/developer/msbuild/2003">
  <ItemGroup>
    <Filter Include="win32">
      <UniqueIdentifier>{86cfeeb5-a9b0-4c06-bd94-69c258884a66}</UniqueIdentifier>
      <Extensions>cpp;c;cxx;rc;def;r;odl;idl;hpj;bat</Extensions>
    </Filter>
    <Filter Include="win32\Resource Files">
      <UniqueIdentifier>{5c4c971a-37b6-4c1e-82f1-d225ebb12808}</UniqueIdentifier>
      <Extensions>ico;cur;bmp;dlg;rc2;rct;bin;rgs;gif;jpg;jpeg;jpe</Extensions>
    </Filter>
    <Filter Include="common">
      <UniqueIdentifier>{c0e78831-47fa-48a0-a34e-8c3c4410c34b}</UniqueIdentifier>
      <Extensions>cpp;c;cxx;rc;def;r;odl;idl;hpj;bat</Extensions>
    </Filter>
    <Filter Include="jit">
      <UniqueIdentifier>{e76a708a-933c-4af4-bad2-0820d79b6a78}</UniqueIdentifier>
      <Extensions>cpp;c;cxx;rc;def;r;odl;idl;hpj;bat</Extensions>
    </Filter>
    <Filter Include="prowizard">
      <UniqueIdentifier>{dab2f6c7-d741-4002-b0c9-566a1536642a}</UniqueIdentifier>
    </Filter>
    <Filter Include="unpackers">
      <UniqueIdentifier>{a88602d5-1980-49b2-a87a-79afa3ca7346}</UniqueIdentifier>
    </Filter>
    <Filter Include="unpackers\dms">
      <UniqueIdentifier>{6b855260-58da-4be4-b914-621ca2e33ca5}</UniqueIdentifier>
    </Filter>
    <Filter Include="unpackers\lha">
      <UniqueIdentifier>{1af2c9da-63ab-4226-8b97-5544a0a34433}</UniqueIdentifier>
    </Filter>
    <Filter Include="unpackers\lzx">
      <UniqueIdentifier>{99d2fcb7-e014-45fe-a543-4a9b9242a35b}</UniqueIdentifier>
    </Filter>
    <Filter Include="unpackers\wrp">
      <UniqueIdentifier>{d2f2439b-d15d-47d5-bb26-1a9436aef770}</UniqueIdentifier>
    </Filter>
    <Filter Include="unpackers\xfd">
      <UniqueIdentifier>{d69b4a6c-84db-480b-8b80-60a2a3646f6e}</UniqueIdentifier>
    </Filter>
    <Filter Include="unpackers\zip">
      <UniqueIdentifier>{93fcf20a-8921-43e8-b4b9-e5fceb81332d}</UniqueIdentifier>
    </Filter>
    <Filter Include="unpackers\chd">
      <UniqueIdentifier>{dd8bf794-572a-4d08-9cae-b280eb493e54}</UniqueIdentifier>
    </Filter>
    <Filter Include="slirp">
      <UniqueIdentifier>{7abef0b5-1d8e-4f43-baa6-ff61760bc330}</UniqueIdentifier>
    </Filter>
    <Filter Include="qemu">
      <UniqueIdentifier>{fc42f311-daf2-48de-a851-8ad3a4aad22e}</UniqueIdentifier>
    </Filter>
    <Filter Include="unpackers\mp2">
      <UniqueIdentifier>{61d78a16-0513-4885-b23d-534829071ac0}</UniqueIdentifier>
    </Filter>
    <Filter Include="ppc">
      <UniqueIdentifier>{a238ed36-3d5f-4fd0-afd7-a34029119da7}</UniqueIdentifier>
    </Filter>
    <Filter Include="mame">
      <UniqueIdentifier>{961c1680-65e6-445a-bf6e-82775255ef2d}</UniqueIdentifier>
    </Filter>
    <Filter Include="x86">
      <UniqueIdentifier>{c9a4aeea-c63c-40e4-9da2-371acd5ea8fe}</UniqueIdentifier>
    </Filter>
    <Filter Include="support">
      <UniqueIdentifier>{fe9d96c8-c5ef-4f92-b9dc-79b5d3e4145c}</UniqueIdentifier>
    </Filter>
    <Filter Include="softfloat">
      <UniqueIdentifier>{b113952e-b596-4a9e-922f-8ccff5b915ed}</UniqueIdentifier>
    </Filter>
    <Filter Include="win32\Shaders">
      <UniqueIdentifier>{34d75786-02bd-43a5-b45d-934eef34e96e}</UniqueIdentifier>
    </Filter>
    <Filter Include="win32\FX11">
      <UniqueIdentifier>{aacd260d-3fd9-43a0-9cac-463ddd009704}</UniqueIdentifier>
    </Filter>
  </ItemGroup>
  <ItemGroup>
    <ClCompile Include="..\ahidsound_dsonly.cpp">
      <Filter>win32</Filter>
    </ClCompile>
    <ClCompile Include="..\ahidsound_new.cpp">
      <Filter>win32</Filter>
    </ClCompile>
    <ClCompile Include="..\avioutput.cpp">
      <Filter>win32</Filter>
    </ClCompile>
    <ClCompile Include="..\blkdev_win32_ioctl.cpp">
      <Filter>win32</Filter>
    </ClCompile>
    <ClCompile Include="..\blkdev_win32_spti.cpp">
      <Filter>win32</Filter>
    </ClCompile>
    <ClCompile Include="..\bsdsock.cpp">
      <Filter>win32</Filter>
    </ClCompile>
    <ClCompile Include="..\caps\caps_win32.cpp">
      <Filter>win32</Filter>
    </ClCompile>
    <ClCompile Include="..\clipboard_win32.cpp">
      <Filter>win32</Filter>
    </ClCompile>
    <ClCompile Include="..\debug_win32.cpp">
      <Filter>win32</Filter>
    </ClCompile>
    <ClCompile Include="..\dinput.cpp">
      <Filter>win32</Filter>
    </ClCompile>
    <ClCompile Include="..\direct3d.cpp">
      <Filter>win32</Filter>
    </ClCompile>
    <ClCompile Include="..\driveclick_win32.cpp">
      <Filter>win32</Filter>
    </ClCompile>
    <ClCompile Include="..\dxwrap.cpp">
      <Filter>win32</Filter>
    </ClCompile>
    <ClCompile Include="..\fsdb_mywin32.cpp">
      <Filter>win32</Filter>
    </ClCompile>
    <ClCompile Include="..\fsdb_win32.cpp">
      <Filter>win32</Filter>
    </ClCompile>
    <ClCompile Include="..\hardfile_win32.cpp">
      <Filter>win32</Filter>
    </ClCompile>
    <ClCompile Include="..\hq2x_d3d.cpp">
      <Filter>win32</Filter>
    </ClCompile>
    <ClCompile Include="..\ioport.cpp">
      <Filter>win32</Filter>
    </ClCompile>
    <ClCompile Include="..\keyboard_win32.cpp">
      <Filter>win32</Filter>
    </ClCompile>
    <ClCompile Include="..\lcd.cpp">
      <Filter>win32</Filter>
    </ClCompile>
    <ClCompile Include="..\midi.cpp">
      <Filter>win32</Filter>
    </ClCompile>
    <ClCompile Include="..\mman.cpp">
      <Filter>win32</Filter>
    </ClCompile>
    <ClCompile Include="..\parser.cpp">
      <Filter>win32</Filter>
    </ClCompile>
    <ClCompile Include="..\picasso96_win.cpp">
      <Filter>win32</Filter>
    </ClCompile>
    <ClCompile Include="..\posixemu.cpp">
      <Filter>win32</Filter>
    </ClCompile>
    <ClCompile Include="..\registry.cpp">
      <Filter>win32</Filter>
    </ClCompile>
    <ClCompile Include="..\cloanto\RetroPlatformGuestIPC.cpp">
      <Filter>win32</Filter>
    </ClCompile>
    <ClCompile Include="..\rp.cpp">
      <Filter>win32</Filter>
    </ClCompile>
    <ClCompile Include="..\scaler.cpp">
      <Filter>win32</Filter>
    </ClCompile>
    <ClCompile Include="..\scaler_more.cpp">
      <Filter>win32</Filter>
    </ClCompile>
    <ClCompile Include="..\screenshot.cpp">
      <Filter>win32</Filter>
    </ClCompile>
    <ClCompile Include="..\serial_win32.cpp">
      <Filter>win32</Filter>
    </ClCompile>
    <ClCompile Include="..\sounddep\sound.cpp">
      <Filter>win32</Filter>
    </ClCompile>
    <ClCompile Include="..\unicode.cpp">
      <Filter>win32</Filter>
    </ClCompile>
    <ClCompile Include="..\win32.cpp">
      <Filter>win32</Filter>
    </ClCompile>
    <ClCompile Include="..\win32_uaenet.cpp">
      <Filter>win32</Filter>
    </ClCompile>
    <ClCompile Include="..\win32gfx.cpp">
      <Filter>win32</Filter>
    </ClCompile>
    <ClCompile Include="..\win32gui.cpp">
      <Filter>win32</Filter>
    </ClCompile>
    <ClCompile Include="..\win32gui_extra.cpp">
      <Filter>win32</Filter>
    </ClCompile>
    <ClCompile Include="..\writelog.cpp">
      <Filter>win32</Filter>
    </ClCompile>
    <ClCompile Include="..\..\a2065.cpp">
      <Filter>common</Filter>
    </ClCompile>
    <ClCompile Include="..\..\a2091.cpp">
      <Filter>common</Filter>
    </ClCompile>
    <ClCompile Include="..\..\akiko.cpp">
      <Filter>common</Filter>
    </ClCompile>
    <ClCompile Include="..\..\amax.cpp">
      <Filter>common</Filter>
    </ClCompile>
    <ClCompile Include="..\..\ar.cpp">
      <Filter>common</Filter>
    </ClCompile>
    <ClCompile Include="..\..\arcadia.cpp">
      <Filter>common</Filter>
    </ClCompile>
    <ClCompile Include="..\..\audio.cpp">
      <Filter>common</Filter>
    </ClCompile>
    <ClCompile Include="..\..\autoconf.cpp">
      <Filter>common</Filter>
    </ClCompile>
    <ClCompile Include="..\..\blitfunc.cpp">
      <Filter>common</Filter>
    </ClCompile>
    <ClCompile Include="..\..\blittable.cpp">
      <Filter>common</Filter>
    </ClCompile>
    <ClCompile Include="..\..\blitter.cpp">
      <Filter>common</Filter>
    </ClCompile>
    <ClCompile Include="..\..\blkdev.cpp">
      <Filter>common</Filter>
    </ClCompile>
    <ClCompile Include="..\..\blkdev_cdimage.cpp">
      <Filter>common</Filter>
    </ClCompile>
    <ClCompile Include="..\..\bsdsocket.cpp">
      <Filter>common</Filter>
    </ClCompile>
    <ClCompile Include="..\..\catweasel.cpp">
      <Filter>common</Filter>
    </ClCompile>
    <ClCompile Include="..\..\cd32_fmv.cpp">
      <Filter>common</Filter>
    </ClCompile>
    <ClCompile Include="..\..\cdrom.cpp">
      <Filter>common</Filter>
    </ClCompile>
    <ClCompile Include="..\..\cdtv.cpp">
      <Filter>common</Filter>
    </ClCompile>
    <ClCompile Include="..\..\cfgfile.cpp">
      <Filter>common</Filter>
    </ClCompile>
    <ClCompile Include="..\..\cia.cpp">
      <Filter>common</Filter>
    </ClCompile>
    <ClCompile Include="..\..\consolehook.cpp">
      <Filter>common</Filter>
    </ClCompile>
    <ClCompile Include="..\..\cpudefs.cpp">
      <Filter>common</Filter>
    </ClCompile>
    <ClCompile Include="..\..\cpuemu_0.cpp">
      <Filter>common</Filter>
    </ClCompile>
    <ClCompile Include="..\..\cpuemu_11.cpp">
      <Filter>common</Filter>
    </ClCompile>
    <ClCompile Include="..\..\cpuemu_20.cpp">
      <Filter>common</Filter>
    </ClCompile>
    <ClCompile Include="..\..\cpuemu_31.cpp">
      <Filter>common</Filter>
    </ClCompile>
    <ClCompile Include="..\..\cpummu.cpp">
      <Filter>common</Filter>
    </ClCompile>
    <ClCompile Include="..\..\cpustbl.cpp">
      <Filter>common</Filter>
    </ClCompile>
    <ClCompile Include="..\..\crc32.cpp">
      <Filter>common</Filter>
    </ClCompile>
    <ClCompile Include="..\..\custom.cpp">
      <Filter>common</Filter>
    </ClCompile>
    <ClCompile Include="..\..\debug.cpp">
      <Filter>common</Filter>
    </ClCompile>
    <ClCompile Include="..\..\disk.cpp">
      <Filter>common</Filter>
    </ClCompile>
    <ClCompile Include="..\..\diskutil.cpp">
      <Filter>common</Filter>
    </ClCompile>
    <ClCompile Include="..\..\dongle.cpp">
      <Filter>common</Filter>
    </ClCompile>
    <ClCompile Include="..\..\drawing.cpp">
      <Filter>common</Filter>
    </ClCompile>
    <ClCompile Include="..\..\driveclick.cpp">
      <Filter>common</Filter>
    </ClCompile>
    <ClCompile Include="..\..\enforcer.cpp">
      <Filter>common</Filter>
    </ClCompile>
    <ClCompile Include="..\..\epsonprinter.cpp">
      <Filter>common</Filter>
    </ClCompile>
    <ClCompile Include="..\..\expansion.cpp">
      <Filter>common</Filter>
    </ClCompile>
    <ClCompile Include="..\..\fdi2raw.cpp">
      <Filter>common</Filter>
    </ClCompile>
    <ClCompile Include="..\..\filesys.cpp">
      <Filter>common</Filter>
    </ClCompile>
    <ClCompile Include="..\..\fpp.cpp">
      <Filter>common</Filter>
    </ClCompile>
    <ClCompile Include="..\..\fsdb.cpp">
      <Filter>common</Filter>
    </ClCompile>
    <ClCompile Include="..\..\fsusage.cpp">
      <Filter>common</Filter>
    </ClCompile>
    <ClCompile Include="..\..\gayle.cpp">
      <Filter>common</Filter>
    </ClCompile>
    <ClCompile Include="..\..\gfxutil.cpp">
      <Filter>common</Filter>
    </ClCompile>
    <ClCompile Include="..\..\hardfile.cpp">
      <Filter>common</Filter>
    </ClCompile>
    <ClCompile Include="..\..\identify.cpp">
      <Filter>common</Filter>
    </ClCompile>
    <ClCompile Include="..\..\inputdevice.cpp">
      <Filter>common</Filter>
    </ClCompile>
    <ClCompile Include="..\..\keybuf.cpp">
      <Filter>common</Filter>
    </ClCompile>
    <ClCompile Include="..\..\main.cpp">
      <Filter>common</Filter>
    </ClCompile>
    <ClCompile Include="..\..\memory.cpp">
      <Filter>common</Filter>
    </ClCompile>
    <ClCompile Include="..\..\missing.cpp">
      <Filter>common</Filter>
    </ClCompile>
    <ClCompile Include="..\..\native2amiga.cpp">
      <Filter>common</Filter>
    </ClCompile>
    <ClCompile Include="..\..\ncr_scsi.cpp">
      <Filter>common</Filter>
    </ClCompile>
    <ClCompile Include="..\..\newcpu.cpp">
      <Filter>common</Filter>
    </ClCompile>
    <ClCompile Include="..\..\readcpu.cpp">
      <Filter>common</Filter>
    </ClCompile>
    <ClCompile Include="..\..\rommgr.cpp">
      <Filter>common</Filter>
    </ClCompile>
    <ClCompile Include="..\..\sampler.cpp">
      <Filter>common</Filter>
    </ClCompile>
    <ClCompile Include="..\..\sana2.cpp">
      <Filter>common</Filter>
    </ClCompile>
    <ClCompile Include="..\..\savestate.cpp">
      <Filter>common</Filter>
    </ClCompile>
    <ClCompile Include="..\..\scsi.cpp">
      <Filter>common</Filter>
    </ClCompile>
    <ClCompile Include="..\..\scsiemul.cpp">
      <Filter>common</Filter>
    </ClCompile>
    <ClCompile Include="..\..\traps.cpp">
      <Filter>common</Filter>
    </ClCompile>
    <ClCompile Include="..\..\uaeexe.cpp">
      <Filter>common</Filter>
    </ClCompile>
    <ClCompile Include="..\..\uaelib.cpp">
      <Filter>common</Filter>
    </ClCompile>
    <ClCompile Include="..\..\uaeresource.cpp">
      <Filter>common</Filter>
    </ClCompile>
    <ClCompile Include="..\..\uaeserial.cpp">
      <Filter>common</Filter>
    </ClCompile>
    <ClCompile Include="..\..\zfile.cpp">
      <Filter>common</Filter>
    </ClCompile>
    <ClCompile Include="..\..\zfile_archive.cpp">
      <Filter>common</Filter>
    </ClCompile>
    <ClCompile Include="..\..\jit\compemu.cpp">
      <Filter>jit</Filter>
    </ClCompile>
    <ClCompile Include="..\..\jit\compemu_fpp.cpp">
      <Filter>jit</Filter>
    </ClCompile>
    <ClCompile Include="..\..\jit\compemu_support.cpp">
      <Filter>jit</Filter>
    </ClCompile>
    <ClCompile Include="..\..\jit\compstbl.cpp">
      <Filter>jit</Filter>
    </ClCompile>
    <ClCompile Include="..\..\moduleripper.cpp">
      <Filter>prowizard</Filter>
    </ClCompile>
    <ClCompile Include="..\win32_scaler.cpp">
      <Filter>win32</Filter>
    </ClCompile>
    <ClCompile Include="..\..\archivers\dms\crc_csum.cpp">
      <Filter>unpackers\dms</Filter>
    </ClCompile>
    <ClCompile Include="..\..\archivers\dms\getbits.cpp">
      <Filter>unpackers\dms</Filter>
    </ClCompile>
    <ClCompile Include="..\..\archivers\dms\maketbl.cpp">
      <Filter>unpackers\dms</Filter>
    </ClCompile>
    <ClCompile Include="..\..\archivers\dms\pfile.cpp">
      <Filter>unpackers\dms</Filter>
    </ClCompile>
    <ClCompile Include="..\..\archivers\dms\tables.cpp">
      <Filter>unpackers\dms</Filter>
    </ClCompile>
    <ClCompile Include="..\..\archivers\dms\u_deep.cpp">
      <Filter>unpackers\dms</Filter>
    </ClCompile>
    <ClCompile Include="..\..\archivers\dms\u_heavy.cpp">
      <Filter>unpackers\dms</Filter>
    </ClCompile>
    <ClCompile Include="..\..\archivers\dms\u_init.cpp">
      <Filter>unpackers\dms</Filter>
    </ClCompile>
    <ClCompile Include="..\..\archivers\dms\u_medium.cpp">
      <Filter>unpackers\dms</Filter>
    </ClCompile>
    <ClCompile Include="..\..\archivers\dms\u_quick.cpp">
      <Filter>unpackers\dms</Filter>
    </ClCompile>
    <ClCompile Include="..\..\archivers\dms\u_rle.cpp">
      <Filter>unpackers\dms</Filter>
    </ClCompile>
    <ClCompile Include="..\..\archivers\lha\crcio.cpp">
      <Filter>unpackers\lha</Filter>
    </ClCompile>
    <ClCompile Include="..\..\archivers\lha\dhuf.cpp">
      <Filter>unpackers\lha</Filter>
    </ClCompile>
    <ClCompile Include="..\..\archivers\lha\header.cpp">
      <Filter>unpackers\lha</Filter>
    </ClCompile>
    <ClCompile Include="..\..\archivers\lha\huf.cpp">
      <Filter>unpackers\lha</Filter>
    </ClCompile>
    <ClCompile Include="..\..\archivers\lha\larc.cpp">
      <Filter>unpackers\lha</Filter>
    </ClCompile>
    <ClCompile Include="..\..\archivers\lha\lhamaketbl.cpp">
      <Filter>unpackers\lha</Filter>
    </ClCompile>
    <ClCompile Include="..\..\archivers\lha\lharc.cpp">
      <Filter>unpackers\lha</Filter>
    </ClCompile>
    <ClCompile Include="..\..\archivers\lha\shuf.cpp">
      <Filter>unpackers\lha</Filter>
    </ClCompile>
    <ClCompile Include="..\..\archivers\lha\slide.cpp">
      <Filter>unpackers\lha</Filter>
    </ClCompile>
    <ClCompile Include="..\..\archivers\lha\uae_lha.cpp">
      <Filter>unpackers\lha</Filter>
    </ClCompile>
    <ClCompile Include="..\..\archivers\lha\util.cpp">
      <Filter>unpackers\lha</Filter>
    </ClCompile>
    <ClCompile Include="..\..\archivers\lzx\unlzx.cpp">
      <Filter>unpackers\lzx</Filter>
    </ClCompile>
    <ClCompile Include="..\..\archivers\wrp\warp.cpp">
      <Filter>unpackers\wrp</Filter>
    </ClCompile>
    <ClCompile Include="..\..\archivers\zip\unzip.cpp">
      <Filter>unpackers\zip</Filter>
    </ClCompile>
    <ClCompile Include="..\..\cpuemu_21.cpp">
      <Filter>common</Filter>
    </ClCompile>
    <ClCompile Include="..\mp3decoder.cpp">
      <Filter>win32</Filter>
    </ClCompile>
    <ClCompile Include="..\cda_play.cpp">
      <Filter>win32</Filter>
    </ClCompile>
    <ClCompile Include="..\..\inputrecord.cpp">
      <Filter>common</Filter>
    </ClCompile>
    <ClCompile Include="..\..\statusline.cpp">
      <Filter>common</Filter>
    </ClCompile>
    <ClCompile Include="..\..\hrtmon.rom.cpp">
      <Filter>win32</Filter>
    </ClCompile>
    <ClCompile Include="..\..\aros.rom.cpp">
      <Filter>common</Filter>
    </ClCompile>
    <ClCompile Include="..\..\specialmonitors.cpp">
      <Filter>common</Filter>
    </ClCompile>
    <ClCompile Include="..\..\events.cpp">
      <Filter>common</Filter>
    </ClCompile>
    <ClCompile Include="..\..\calc.cpp">
      <Filter>common</Filter>
    </ClCompile>
    <ClCompile Include="..\..\isofs.cpp">
      <Filter>common</Filter>
    </ClCompile>
    <ClCompile Include="..\..\cpuemu_22.cpp">
      <Filter>common</Filter>
    </ClCompile>
    <ClCompile Include="..\..\cpummu30.cpp">
      <Filter>common</Filter>
    </ClCompile>
    <ClCompile Include="..\..\cpuemu_32.cpp">
      <Filter>common</Filter>
    </ClCompile>
    <ClCompile Include="..\..\cpuemu_33.cpp">
      <Filter>common</Filter>
    </ClCompile>
    <ClCompile Include="..\..\archivers\chd\astring.cpp">
      <Filter>unpackers\chd</Filter>
    </ClCompile>
    <ClCompile Include="..\..\archivers\chd\hashing.cpp">
      <Filter>unpackers\chd</Filter>
    </ClCompile>
    <ClCompile Include="..\..\archivers\chd\md5.cpp">
      <Filter>unpackers\chd</Filter>
    </ClCompile>
    <ClCompile Include="..\..\archivers\chd\sha1.cpp">
      <Filter>unpackers\chd</Filter>
    </ClCompile>
    <ClCompile Include="..\..\archivers\chd\chd.cpp">
      <Filter>unpackers\chd</Filter>
    </ClCompile>
    <ClCompile Include="..\..\archivers\chd\huffman.cpp">
      <Filter>unpackers\chd</Filter>
    </ClCompile>
    <ClCompile Include="..\..\archivers\chd\chdcodec.cpp">
      <Filter>unpackers\chd</Filter>
    </ClCompile>
    <ClCompile Include="..\..\archivers\chd\flac.cpp">
      <Filter>unpackers\chd</Filter>
    </ClCompile>
    <ClCompile Include="..\..\scsitape.cpp">
      <Filter>common</Filter>
    </ClCompile>
    <ClCompile Include="..\..\ethernet.cpp">
      <Filter>common</Filter>
    </ClCompile>
    <ClCompile Include="..\..\qemuvga\cirrus_vga.cpp">
      <Filter>qemu</Filter>
    </ClCompile>
    <ClCompile Include="..\..\qemuvga\qemuuaeglue.cpp">
      <Filter>qemu</Filter>
    </ClCompile>
    <ClCompile Include="..\..\qemuvga\vga.cpp">
      <Filter>qemu</Filter>
    </ClCompile>
    <ClCompile Include="..\..\gfxboard.cpp">
      <Filter>common</Filter>
    </ClCompile>
    <ClCompile Include="..\..\luascript.cpp">
      <Filter>common</Filter>
    </ClCompile>
    <ClCompile Include="..\..\cpuemu_13.cpp">
      <Filter>common</Filter>
    </ClCompile>
    <ClCompile Include="..\..\uaenative.cpp">
      <Filter>common</Filter>
    </ClCompile>
    <ClCompile Include="..\..\qemuvga\lsi53c895a.cpp">
      <Filter>qemu</Filter>
    </ClCompile>
    <ClCompile Include="..\..\newcpu_common.cpp">
      <Filter>common</Filter>
    </ClCompile>
    <ClCompile Include="..\..\scp.cpp">
      <Filter>common</Filter>
    </ClCompile>
    <ClCompile Include="..\..\tabletlibrary.cpp">
      <Filter>common</Filter>
    </ClCompile>
    <ClCompile Include="..\..\archivers\mp2\kjmp2.cpp">
      <Filter>unpackers\mp2</Filter>
    </ClCompile>
    <ClCompile Include="..\..\cd32_fmv_genlock.cpp">
      <Filter>common</Filter>
    </ClCompile>
    <ClCompile Include="..\..\cpuboard.cpp">
      <Filter>common</Filter>
    </ClCompile>
    <ClCompile Include="..\..\uaeipc.cpp">
      <Filter>win32</Filter>
    </ClCompile>
    <ClCompile Include="..\statusline_win32.cpp">
      <Filter>win32</Filter>
    </ClCompile>
    <ClCompile Include="..\..\cpuemu_23.cpp">
      <Filter>common</Filter>
    </ClCompile>
    <ClCompile Include="..\..\flashrom.cpp">
      <Filter>common</Filter>
    </ClCompile>
    <ClCompile Include="..\..\qemuvga\lsi53c710.cpp">
      <Filter>qemu</Filter>
    </ClCompile>
    <ClCompile Include="..\..\ncr9x_scsi.cpp">
      <Filter>common</Filter>
    </ClCompile>
    <ClCompile Include="..\..\qemuvga\esp.cpp">
      <Filter>qemu</Filter>
    </ClCompile>
    <ClCompile Include="..\..\ppc\ppc.cpp">
      <Filter>ppc</Filter>
    </ClCompile>
    <ClCompile Include="..\..\cpuemu_40.cpp">
      <Filter>common</Filter>
    </ClCompile>
    <ClCompile Include="..\..\archivers\chd\harddisk.cpp">
      <Filter>unpackers\chd</Filter>
    </ClCompile>
    <ClCompile Include="..\..\archivers\chd\chdcdrom.cpp">
      <Filter>unpackers\chd</Filter>
    </ClCompile>
    <ClCompile Include="..\..\archivers\chd\chdglue.cpp">
      <Filter>unpackers\chd</Filter>
    </ClCompile>
    <ClCompile Include="..\..\archivers\chd\corealloc.cpp">
      <Filter>unpackers\chd</Filter>
    </ClCompile>
    <ClCompile Include="..\..\archivers\chd\windows\wintime.cpp">
      <Filter>unpackers\chd</Filter>
    </ClCompile>
    <ClCompile Include="..\..\archivers\chd\windows\winwork.cpp">
      <Filter>unpackers\chd</Filter>
    </ClCompile>
    <ClCompile Include="..\..\ppc\ppcd.cpp">
      <Filter>ppc</Filter>
    </ClCompile>
    <ClCompile Include="..\..\dlopen.cpp">
      <Filter>common</Filter>
    </ClCompile>
    <ClCompile Include="..\..\logging.cpp">
      <Filter>common</Filter>
    </ClCompile>
    <ClCompile Include="..\..\cdtvcr.cpp">
      <Filter>common</Filter>
    </ClCompile>
    <ClCompile Include="..\..\qemuvga\qemu.cpp">
      <Filter>qemu</Filter>
    </ClCompile>
    <ClCompile Include="..\..\cpuemu_24.cpp">
      <Filter>common</Filter>
    </ClCompile>
    <ClCompile Include="..\..\sndboard.cpp">
      <Filter>common</Filter>
    </ClCompile>
    <ClCompile Include="..\..\def_icons.cpp">
      <Filter>common</Filter>
    </ClCompile>
    <ClCompile Include="..\..\ide.cpp">
      <Filter>common</Filter>
    </ClCompile>
    <ClCompile Include="..\..\idecontrollers.cpp">
      <Filter>common</Filter>
    </ClCompile>
    <ClCompile Include="..\..\devices.cpp">
      <Filter>common</Filter>
    </ClCompile>
    <ClCompile Include="..\..\archivers\zip\zip.cpp">
      <Filter>unpackers\zip</Filter>
    </ClCompile>
    <ClCompile Include="..\..\archivers\zip\ioapi.cpp">
      <Filter>unpackers\zip</Filter>
    </ClCompile>
    <ClCompile Include="..\..\pci.cpp">
      <Filter>common</Filter>
    </ClCompile>
    <ClCompile Include="..\..\test_card.cpp">
      <Filter>common</Filter>
    </ClCompile>
    <ClCompile Include="..\..\qemuvga\ne2000.cpp">
      <Filter>qemu</Filter>
    </ClCompile>
    <ClCompile Include="..\..\qemuvga\es1370.cpp">
      <Filter>qemu</Filter>
    </ClCompile>
    <ClCompile Include="..\..\mame\tm34010\tms34010.cpp">
      <Filter>mame</Filter>
    </ClCompile>
    <ClCompile Include="..\..\mame\a2410.cpp">
      <Filter>mame</Filter>
    </ClCompile>
    <ClCompile Include="..\..\dosbox\core_normal.cpp">
      <Filter>x86</Filter>
    </ClCompile>
    <ClCompile Include="..\..\dosbox\cpu.cpp">
      <Filter>x86</Filter>
    </ClCompile>
    <ClCompile Include="..\..\dosbox\flags.cpp">
      <Filter>x86</Filter>
    </ClCompile>
    <ClCompile Include="..\..\dosbox\paging.cpp">
      <Filter>x86</Filter>
    </ClCompile>
    <ClCompile Include="..\..\dosbox\core_full.cpp">
      <Filter>x86</Filter>
    </ClCompile>
    <ClCompile Include="..\..\dosbox\core_simple.cpp">
      <Filter>x86</Filter>
    </ClCompile>
    <ClCompile Include="..\..\dosbox\modrm.cpp">
      <Filter>x86</Filter>
    </ClCompile>
    <ClCompile Include="..\..\dosbox\cmos.cpp">
      <Filter>x86</Filter>
    </ClCompile>
    <ClCompile Include="..\..\dosbox\keyboard.cpp">
      <Filter>x86</Filter>
    </ClCompile>
    <ClCompile Include="..\..\dosbox\db_memory.cpp">
      <Filter>x86</Filter>
    </ClCompile>
    <ClCompile Include="..\..\x86.cpp">
      <Filter>x86</Filter>
    </ClCompile>
    <ClCompile Include="..\..\dosbox\pic.cpp">
      <Filter>x86</Filter>
    </ClCompile>
    <ClCompile Include="..\..\dosbox\fpu.cpp">
      <Filter>x86</Filter>
    </ClCompile>
    <ClCompile Include="..\..\dosbox\timer.cpp">
      <Filter>x86</Filter>
    </ClCompile>
    <ClCompile Include="..\..\fake86_cpu.cpp">
      <Filter>x86</Filter>
    </ClCompile>
    <ClCompile Include="..\..\vm.cpp">
      <Filter>common</Filter>
    </ClCompile>
    <ClCompile Include="..\..\cpuemu_50.cpp">
      <Filter>common</Filter>
    </ClCompile>
    <ClCompile Include="..\..\support\time.cpp">
      <Filter>support</Filter>
    </ClCompile>
    <ClCompile Include="..\..\framebufferboards.cpp">
      <Filter>common</Filter>
    </ClCompile>
    <ClCompile Include="..\win32_videograb.cpp">
      <Filter>win32</Filter>
    </ClCompile>
    <ClCompile Include="..\..\fpp_native.cpp">
      <Filter>common</Filter>
    </ClCompile>
    <ClCompile Include="..\..\fpp_softfloat.cpp">
      <Filter>common</Filter>
    </ClCompile>
    <ClCompile Include="..\..\slirp_uae.cpp">
      <Filter>common</Filter>
    </ClCompile>
    <ClCompile Include="..\..\slirp\slirp.cpp">
      <Filter>slirp</Filter>
    </ClCompile>
    <ClCompile Include="..\..\slirp\udp.cpp">
      <Filter>slirp</Filter>
    </ClCompile>
    <ClCompile Include="..\..\slirp\tftp.cpp">
      <Filter>slirp</Filter>
    </ClCompile>
    <ClCompile Include="..\..\slirp\tcp_timer.cpp">
      <Filter>slirp</Filter>
    </ClCompile>
    <ClCompile Include="..\..\slirp\tcp_subr.cpp">
      <Filter>slirp</Filter>
    </ClCompile>
    <ClCompile Include="..\..\slirp\tcp_output.cpp">
      <Filter>slirp</Filter>
    </ClCompile>
    <ClCompile Include="..\..\slirp\tcp_input.cpp">
      <Filter>slirp</Filter>
    </ClCompile>
    <ClCompile Include="..\..\slirp\socket.cpp">
      <Filter>slirp</Filter>
    </ClCompile>
    <ClCompile Include="..\..\slirp\slirpdebug.cpp">
      <Filter>slirp</Filter>
    </ClCompile>
    <ClCompile Include="..\..\slirp\sbuf.cpp">
      <Filter>slirp</Filter>
    </ClCompile>
    <ClCompile Include="..\..\slirp\misc.cpp">
      <Filter>slirp</Filter>
    </ClCompile>
    <ClCompile Include="..\..\slirp\mbuf.cpp">
      <Filter>slirp</Filter>
    </ClCompile>
    <ClCompile Include="..\..\slirp\ip_output.cpp">
      <Filter>slirp</Filter>
    </ClCompile>
    <ClCompile Include="..\..\slirp\ip_input.cpp">
      <Filter>slirp</Filter>
    </ClCompile>
    <ClCompile Include="..\..\slirp\ip_icmp.cpp">
      <Filter>slirp</Filter>
    </ClCompile>
    <ClCompile Include="..\..\slirp\if.cpp">
      <Filter>slirp</Filter>
    </ClCompile>
    <ClCompile Include="..\..\slirp\cksum.cpp">
      <Filter>slirp</Filter>
    </ClCompile>
    <ClCompile Include="..\..\slirp\bootp.cpp">
      <Filter>slirp</Filter>
    </ClCompile>
    <ClCompile Include="..\..\softfloat\softfloat.cpp">
      <Filter>softfloat</Filter>
    </ClCompile>
    <ClCompile Include="..\..\softfloat\softfloat_decimal.cpp">
      <Filter>softfloat</Filter>
    </ClCompile>
    <ClCompile Include="..\..\softfloat\softfloat_fpsp.cpp">
      <Filter>softfloat</Filter>
    </ClCompile>
    <ClCompile Include="..\..\rtc.cpp">
      <Filter>common</Filter>
    </ClCompile>
    <ClCompile Include="..\..\ini.cpp">
      <Filter>common</Filter>
    </ClCompile>
    <ClCompile Include="..\..\cpuemu_34.cpp">
      <Filter>common</Filter>
    </ClCompile>
    <ClCompile Include="..\..\cpuemu_35.cpp">
      <Filter>common</Filter>
    </ClCompile>
    <ClCompile Include="..\direct3d11.cpp">
      <Filter>win32</Filter>
    </ClCompile>
    <ClCompile Include="..\FX11\d3dxGlobal.cpp">
      <Filter>win32\FX11</Filter>
    </ClCompile>
    <ClCompile Include="..\FX11\EffectLoad.cpp">
      <Filter>win32\FX11</Filter>
    </ClCompile>
    <ClCompile Include="..\FX11\EffectNonRuntime.cpp">
      <Filter>win32\FX11</Filter>
    </ClCompile>
    <ClCompile Include="..\FX11\EffectReflection.cpp">
      <Filter>win32\FX11</Filter>
    </ClCompile>
    <ClCompile Include="..\FX11\EffectRuntime.cpp">
      <Filter>win32\FX11</Filter>
    </ClCompile>
    <ClCompile Include="..\FX11\EffectAPI.cpp">
      <Filter>win32\FX11</Filter>
    </ClCompile>
    <ClCompile Include="..\..\debugmem.cpp">
      <Filter>common</Filter>
    </ClCompile>
    <ClCompile Include="..\..\casablanca.cpp">
      <Filter>common</Filter>
    </ClCompile>
  </ItemGroup>
  <ItemGroup>
    <None Include="..\resources\35floppy.ico">
      <Filter>win32\Resource Files</Filter>
    </None>
    <None Include="..\resources\amigainfo.ico">
      <Filter>win32\Resource Files</Filter>
    </None>
    <None Include="..\resources\avioutput.ico">
      <Filter>win32\Resource Files</Filter>
    </None>
    <None Include="..\resources\chip.ico">
      <Filter>win32\Resource Files</Filter>
    </None>
    <None Include="..\resources\configfile.ico">
      <Filter>win32\Resource Files</Filter>
    </None>
    <None Include="configfile.ico">
      <Filter>win32\Resource Files</Filter>
    </None>
    <None Include="..\resources\cpu.ico">
      <Filter>win32\Resource Files</Filter>
    </None>
    <None Include="diskimage.ico">
      <Filter>win32\Resource Files</Filter>
    </None>
    <None Include="..\resources\diskimage.ico">
      <Filter>win32\Resource Files</Filter>
    </None>
    <None Include="..\resources\Drive.ico">
      <Filter>win32\Resource Files</Filter>
    </None>
    <None Include="..\resources\expansion.ico">
      <Filter>win32\Resource Files</Filter>
    </None>
    <None Include="expansion.ico">
      <Filter>win32\Resource Files</Filter>
    </None>
    <None Include="..\resources\file.ico">
      <Filter>win32\Resource Files</Filter>
    </None>
    <None Include="file.ico">
      <Filter>win32\Resource Files</Filter>
    </None>
    <None Include="..\resources\folder.ico">
      <Filter>win32\Resource Files</Filter>
    </None>
    <None Include="..\resources\h_arrow.cur">
      <Filter>win32\Resource Files</Filter>
    </None>
    <None Include="..\resources\icon3.ico">
      <Filter>win32\Resource Files</Filter>
    </None>
    <None Include="..\resources\joystick.ico">
      <Filter>win32\Resource Files</Filter>
    </None>
    <None Include="..\resources\lcd.bmp">
      <Filter>win32\Resource Files</Filter>
    </None>
    <None Include="..\resources\misc.ico">
      <Filter>win32\Resource Files</Filter>
    </None>
    <None Include="..\resources\move_dow.ico">
      <Filter>win32\Resource Files</Filter>
    </None>
    <None Include="..\resources\move_up.ico">
      <Filter>win32\Resource Files</Filter>
    </None>
    <None Include="..\resources\paths.ico">
      <Filter>win32\Resource Files</Filter>
    </None>
    <None Include="..\resources\port.ico">
      <Filter>win32\Resource Files</Filter>
    </None>
    <None Include="port.ico">
      <Filter>win32\Resource Files</Filter>
    </None>
    <None Include="..\resources\quickstart.ico">
      <Filter>win32\Resource Files</Filter>
    </None>
    <None Include="..\resources\root.ico">
      <Filter>win32\Resource Files</Filter>
    </None>
    <None Include="..\resources\screen.ico">
      <Filter>win32\Resource Files</Filter>
    </None>
    <None Include="..\resources\sound.ico">
      <Filter>win32\Resource Files</Filter>
    </None>
    <None Include="..\resources\winuae.ico">
      <Filter>win32\Resource Files</Filter>
    </None>
    <None Include="..\resources\xarcade-winuae.bmp">
      <Filter>win32\Resource Files</Filter>
    </None>
    <None Include="..\resources\drive_click.wav" />
    <None Include="..\resources\drive_snatch.wav" />
    <None Include="..\resources\drive_spin.wav" />
    <None Include="..\resources\drive_spinnd.wav" />
    <None Include="..\resources\drive_startup.wav" />
  </ItemGroup>
  <ItemGroup>
    <ResourceCompile Include="..\resources\winuae.rc">
      <Filter>win32\Resource Files</Filter>
    </ResourceCompile>
  </ItemGroup>
  <ItemGroup>
    <Library Include="..\hq2x16.obj" />
    <Library Include="..\hq2x32.obj" />
    <Library Include="..\hq3x16.obj" />
    <Library Include="..\hq3x32.obj" />
    <Library Include="..\hq4x16.obj" />
    <Library Include="..\hq4x32.obj" />
  </ItemGroup>
  <ItemGroup>
    <ClInclude Include="..\resources\resource.h" />
  </ItemGroup>
  <ItemGroup>
    <FxCompile Include="..\shaders\VertexShader.hlsl">
      <Filter>win32\Shaders</Filter>
    </FxCompile>
    <FxCompile Include="..\shaders\PixelShaderPlain.hlsl">
      <Filter>win32\Shaders</Filter>
    </FxCompile>
    <FxCompile Include="..\shaders\PixelShader.hlsl">
      <Filter>win32\Shaders</Filter>
    </FxCompile>
    <FxCompile Include="..\shaders\PixelShaderAlpha.hlsl">
      <Filter>win32\Shaders</Filter>
    </FxCompile>
    <FxCompile Include="..\shaders\PixelShaderMask.hlsl">
      <Filter>win32\Shaders</Filter>
    </FxCompile>
  </ItemGroup>
</Project>