Microsoft Visual Studio Solution File, Format Version 12.00
# Visual Studio 15
VisualStudioVersion = 15.0.26430.12
MinimumVisualStudioVersion = 10.0.40219.1
Project("{8BC9CEB8-8B4A-11D0-8D11-00A0C91BC942}") = "winuae", "winuae_msvc.vcxproj", "{4ADAA943-1AC8-4FB5-82E5-4FB753B6C2DA}"
EndProject
Project("{8BC9CEB8-8B4A-11D0-8D11-00A0C91BC942}") = "gencpu", "..\gencpu_msvc\gencpu_msvc.vcxproj", "{DEF7ACF7-050E-4069-BB99-5B5D93F60521}"
EndProject
Project("{8BC9CEB8-8B4A-11D0-8D11-00A0C91BC942}") = "gencomp", "..\gencomp_msvc\gencomp_msvc.vcxproj", "{54197DFF-9CAA-4A9F-B9C2-2881EA04EACB}"
EndProject
Project("{8BC9CEB8-8B4A-11D0-8D11-00A0C91BC942}") = "genblitter", "..\genblitter_msvc\genblitter_msvc.vcxproj", "{765B0AF0-B8D3-4998-89AF-D6F939E1CD18}"
EndProject
Project("{8BC9CEB8-8B4A-11D0-8D11-00A0C91BC942}") = "build68k", "..\build68k_msvc\build68k_msvc.vcxproj", "{AF3DBBDE-E006-4DC3-9A26-CB0D7D82AE3C}"
EndProject
Project("{8BC9CEB8-8B4A-11D0-8D11-00A0C91BC942}") = "singlefilehelper", "..\singlefilehelper\singlefilehelper.vcxproj", "{DAF2EB1A-546A-41B3-9755-187562C01E3C}"
EndProject
Project("{8BC9CEB8-8B4A-11D0-8D11-00A0C91BC942}") = "resourcedll", "..\resourcedll\resourcedll.vcxproj", "{C85288FB-A035-42CA-B5FB-8E6214319E97}"
EndProject
Project("{8BC9CEB8-8B4A-11D0-8D11-00A0C91BC942}") = "fdrawcmd", "..\fdrawcmd\fdrawcmd.vcxproj", "{960E83B5-9118-4EBD-AF50-18EFC1DC764B}"
EndProject
Project("{8BC9CEB8-8B4A-11D0-8D11-00A0C91BC942}") = "ipctester", "..\ipctester\ipctester.vcxproj", "{79BDABE6-5308-4D64-8884-A5A35909D8D3}"
EndProject
Project("{8BC9CEB8-8B4A-11D0-8D11-00A0C91BC942}") = "genlinetoscr", "..\genlinetoscr_msvc\genlinetoscr_msvc.vcxproj", "{E9F73E11-A463-45C6-A733-2BED75852BA1}"
EndProject
Project("{8BC9CEB8-8B4A-11D0-8D11-00A0C91BC942}") = "decompress", "..\decompress\decompress.vcxproj", "{38FAC3FB-A2B7-453F-8A6A-73B97201BB04}"
EndProject
Project("{8BC9CEB8-8B4A-11D0-8D11-00A0C91BC942}") = "uaeunp", "..\uaeunp\uaeunp.vcxproj", "{6181E50C-5F32-42DC-BEF6-827AA8A5429D}"
EndProject
Project("{8BC9CEB8-8B4A-11D0-8D11-00A0C91BC942}") = "consolewrapper", "..\consolewrapper\consolewrapper.vcxproj", "{2C44DD04-F5D6-4CC3-B0D6-1F4E51A0D962}"
EndProject
Project("{8BC9CEB8-8B4A-11D0-8D11-00A0C91BC942}") = "prowizard", "..\prowizard\prowizard.vcxproj", "{8627DA33-98D1-4F60-B404-ECCEE0EE7BF9}"
EndProject
Project("{8BC9CEB8-8B4A-11D0-8D11-00A0C91BC942}") = "unpackers", "..\unpackers\unpackers.vcxproj", "{98BA115B-829F-4085-9729-ABD0D779A60A}"
EndProject
Project("{930C7802-8A8C-48F9-8165-68863BCCD9DD}") = "wix", "..\wix\wix.wixproj", "{BE211CE1-3955-4674-A664-5038FC791980}"
EndProject
Global
	GlobalSection(SolutionConfigurationPlatforms) = preSolution
		Debug|Mixed Platforms = Debug|Mixed Platforms
		Debug|Win32 = Debug|Win32
		Debug|x64 = Debug|x64
		FullRelease|Mixed Platforms = FullRelease|Mixed Platforms
		FullRelease|Win32 = FullRelease|Win32
		FullRelease|x64 = FullRelease|x64
		Release|Mixed Platforms = Release|Mixed Platforms
		Release|Win32 = Release|Win32
		Release|x64 = Release|x64
		Test|Mixed Platforms = Test|Mixed Platforms
		Test|Win32 = Test|Win32
		Test|x64 = Test|x64
	EndGlobalSection
	GlobalSection(ProjectConfigurationPlatforms) = postSolution
		{4ADAA943-1AC8-4FB5-82E5-4FB753B6C2DA}.Debug|Mixed Platforms.ActiveCfg = Debug|Win32
		{4ADAA943-1AC8-4FB5-82E5-4FB753B6C2DA}.Debug|Mixed Platforms.Build.0 = Debug|Win32
		{4ADAA943-1AC8-4FB5-82E5-4FB753B6C2DA}.Debug|Win32.ActiveCfg = Debug|Win32
		{4ADAA943-1AC8-4FB5-82E5-4FB753B6C2DA}.Debug|Win32.Build.0 = Debug|Win32
		{4ADAA943-1AC8-4FB5-82E5-4FB753B6C2DA}.Debug|x64.ActiveCfg = Debug|x64
		{4ADAA943-1AC8-4FB5-82E5-4FB753B6C2DA}.Debug|x64.Build.0 = Debug|x64
		{4ADAA943-1AC8-4FB5-82E5-4FB753B6C2DA}.FullRelease|Mixed Platforms.ActiveCfg = FullRelease|Win32
		{4ADAA943-1AC8-4FB5-82E5-4FB753B6C2DA}.FullRelease|Mixed Platforms.Build.0 = FullRelease|Win32
		{4ADAA943-1AC8-4FB5-82E5-4FB753B6C2DA}.FullRelease|Win32.ActiveCfg = FullRelease|Win32
		{4ADAA943-1AC8-4FB5-82E5-4FB753B6C2DA}.FullRelease|Win32.Build.0 = FullRelease|Win32
		{4ADAA943-1AC8-4FB5-82E5-4FB753B6C2DA}.FullRelease|x64.ActiveCfg = FullRelease|x64
		{4ADAA943-1AC8-4FB5-82E5-4FB753B6C2DA}.FullRelease|x64.Build.0 = FullRelease|x64
		{4ADAA943-1AC8-4FB5-82E5-4FB753B6C2DA}.Release|Mixed Platforms.ActiveCfg = Release|Win32
		{4ADAA943-1AC8-4FB5-82E5-4FB753B6C2DA}.Release|Mixed Platforms.Build.0 = Release|Win32
		{4ADAA943-1AC8-4FB5-82E5-4FB753B6C2DA}.Release|Win32.ActiveCfg = Release|Win32
		{4ADAA943-1AC8-4FB5-82E5-4FB753B6C2DA}.Release|Win32.Build.0 = Release|Win32
		{4ADAA943-1AC8-4FB5-82E5-4FB753B6C2DA}.Release|x64.ActiveCfg = Release|x64
		{4ADAA943-1AC8-4FB5-82E5-4FB753B6C2DA}.Release|x64.Build.0 = Release|x64
		{4ADAA943-1AC8-4FB5-82E5-4FB753B6C2DA}.Test|Mixed Platforms.ActiveCfg = Test|Win32
		{4ADAA943-1AC8-4FB5-82E5-4FB753B6C2DA}.Test|Mixed Platforms.Build.0 = Test|Win32
		{4ADAA943-1AC8-4FB5-82E5-4FB753B6C2DA}.Test|Win32.ActiveCfg = Test|Win32
		{4ADAA943-1AC8-4FB5-82E5-4FB753B6C2DA}.Test|Win32.Build.0 = Test|Win32
		{4ADAA943-1AC8-4FB5-82E5-4FB753B6C2DA}.Test|x64.ActiveCfg = Test|x64
		{4ADAA943-1AC8-4FB5-82E5-4FB753B6C2DA}.Test|x64.Build.0 = Test|x64
		{DEF7ACF7-050E-4069-BB99-5B5D93F60521}.Debug|Mixed Platforms.ActiveCfg = Debug|Win32
		{DEF7ACF7-050E-4069-BB99-5B5D93F60521}.Debug|Mixed Platforms.Build.0 = Debug|Win32
		{DEF7ACF7-050E-4069-BB99-5B5D93F60521}.Debug|Win32.ActiveCfg = Debug|Win32
		{DEF7ACF7-050E-4069-BB99-5B5D93F60521}.Debug|x64.ActiveCfg = Debug|Win32
		{DEF7ACF7-050E-4069-BB99-5B5D93F60521}.FullRelease|Mixed Platforms.ActiveCfg = FullRelease|Win32
		{DEF7ACF7-050E-4069-BB99-5B5D93F60521}.FullRelease|Mixed Platforms.Build.0 = FullRelease|Win32
		{DEF7ACF7-050E-4069-BB99-5B5D93F60521}.FullRelease|Win32.ActiveCfg = FullRelease|Win32
		{DEF7ACF7-050E-4069-BB99-5B5D93F60521}.FullRelease|x64.ActiveCfg = FullRelease|Win32
		{DEF7ACF7-050E-4069-BB99-5B5D93F60521}.Release|Mixed Platforms.ActiveCfg = Release|Win32
		{DEF7ACF7-050E-4069-BB99-5B5D93F60521}.Release|Mixed Platforms.Build.0 = Release|Win32
		{DEF7ACF7-050E-4069-BB99-5B5D93F60521}.Release|Win32.ActiveCfg = Release|Win32
		{DEF7ACF7-050E-4069-BB99-5B5D93F60521}.Release|x64.ActiveCfg = Release|Win32
		{DEF7ACF7-050E-4069-BB99-5B5D93F60521}.Test|Mixed Platforms.ActiveCfg = Test|Win32
		{DEF7ACF7-050E-4069-BB99-5B5D93F60521}.Test|Mixed Platforms.Build.0 = Test|Win32
		{DEF7ACF7-050E-4069-BB99-5B5D93F60521}.Test|Win32.ActiveCfg = Test|Win32
		{DEF7ACF7-050E-4069-BB99-5B5D93F60521}.Test|x64.ActiveCfg = Test|Win32
		{54197DFF-9CAA-4A9F-B9C2-2881EA04EACB}.Debug|Mixed Platforms.ActiveCfg = Debug|Win32
		{54197DFF-9CAA-4A9F-B9C2-2881EA04EACB}.Debug|Mixed Platforms.Build.0 = Debug|Win32
		{54197DFF-9CAA-4A9F-B9C2-2881EA04EACB}.Debug|Win32.ActiveCfg = Debug|Win32
		{54197DFF-9CAA-4A9F-B9C2-2881EA04EACB}.Debug|x64.ActiveCfg = Debug|Win32
		{54197DFF-9CAA-4A9F-B9C2-2881EA04EACB}.FullRelease|Mixed Platforms.ActiveCfg = FullRelease|Win32
		{54197DFF-9CAA-4A9F-B9C2-2881EA04EACB}.FullRelease|Mixed Platforms.Build.0 = FullRelease|Win32
		{54197DFF-9CAA-4A9F-B9C2-2881EA04EACB}.FullRelease|Win32.ActiveCfg = FullRelease|Win32
		{54197DFF-9CAA-4A9F-B9C2-2881EA04EACB}.FullRelease|x64.ActiveCfg = FullRelease|Win32
		{54197DFF-9CAA-4A9F-B9C2-2881EA04EACB}.Release|Mixed Platforms.ActiveCfg = Release|Win32
		{54197DFF-9CAA-4A9F-B9C2-2881EA04EACB}.Release|Mixed Platforms.Build.0 = Release|Win32
		{54197DFF-9CAA-4A9F-B9C2-2881EA04EACB}.Release|Win32.ActiveCfg = Release|Win32
		{54197DFF-9CAA-4A9F-B9C2-2881EA04EACB}.Release|x64.ActiveCfg = Release|Win32
		{54197DFF-9CAA-4A9F-B9C2-2881EA04EACB}.Test|Mixed Platforms.ActiveCfg = Test|Win32
		{54197DFF-9CAA-4A9F-B9C2-2881EA04EACB}.Test|Mixed Platforms.Build.0 = Test|Win32
		{54197DFF-9CAA-4A9F-B9C2-2881EA04EACB}.Test|Win32.ActiveCfg = Test|Win32
		{54197DFF-9CAA-4A9F-B9C2-2881EA04EACB}.Test|x64.ActiveCfg = Test|Win32
		{765B0AF0-B8D3-4998-89AF-D6F939E1CD18}.Debug|Mixed Platforms.ActiveCfg = Debug|Win32
		{765B0AF0-B8D3-4998-89AF-D6F939E1CD18}.Debug|Mixed Platforms.Build.0 = Debug|Win32
		{765B0AF0-B8D3-4998-89AF-D6F939E1CD18}.Debug|Win32.ActiveCfg = Debug|Win32
		{765B0AF0-B8D3-4998-89AF-D6F939E1CD18}.Debug|x64.ActiveCfg = Debug|Win32
		{765B0AF0-B8D3-4998-89AF-D6F939E1CD18}.FullRelease|Mixed Platforms.ActiveCfg = FullRelease|Win32
		{765B0AF0-B8D3-4998-89AF-D6F939E1CD18}.FullRelease|Mixed Platforms.Build.0 = FullRelease|Win32
		{765B0AF0-B8D3-4998-89AF-D6F939E1CD18}.FullRelease|Win32.ActiveCfg = FullRelease|Win32
		{765B0AF0-B8D3-4998-89AF-D6F939E1CD18}.FullRelease|x64.ActiveCfg = FullRelease|Win32
		{765B0AF0-B8D3-4998-89AF-D6F939E1CD18}.Release|Mixed Platforms.ActiveCfg = Release|Win32
		{765B0AF0-B8D3-4998-89AF-D6F939E1CD18}.Release|Mixed Platforms.Build.0 = Release|Win32
		{765B0AF0-B8D3-4998-89AF-D6F939E1CD18}.Release|Win32.ActiveCfg = Release|Win32
		{765B0AF0-B8D3-4998-89AF-D6F939E1CD18}.Release|x64.ActiveCfg = Release|Win32
		{765B0AF0-B8D3-4998-89AF-D6F939E1CD18}.Test|Mixed Platforms.ActiveCfg = Test|Win32
		{765B0AF0-B8D3-4998-89AF-D6F939E1CD18}.Test|Mixed Platforms.Build.0 = Test|Win32
		{765B0AF0-B8D3-4998-89AF-D6F939E1CD18}.Test|Win32.ActiveCfg = Test|Win32
		{765B0AF0-B8D3-4998-89AF-D6F939E1CD18}.Test|x64.ActiveCfg = Test|Win32
		{AF3DBBDE-E006-4DC3-9A26-CB0D7D82AE3C}.Debug|Mixed Platforms.ActiveCfg = Debug|Win32
		{AF3DBBDE-E006-4DC3-9A26-CB0D7D82AE3C}.Debug|Mixed Platforms.Build.0 = Debug|Win32
		{AF3DBBDE-E006-4DC3-9A26-CB0D7D82AE3C}.Debug|Win32.ActiveCfg = Debug|Win32
		{AF3DBBDE-E006-4DC3-9A26-CB0D7D82AE3C}.Debug|x64.ActiveCfg = Debug|Win32
		{AF3DBBDE-E006-4DC3-9A26-CB0D7D82AE3C}.FullRelease|Mixed Platforms.ActiveCfg = FullRelease|Win32
		{AF3DBBDE-E006-4DC3-9A26-CB0D7D82AE3C}.FullRelease|Mixed Platforms.Build.0 = FullRelease|Win32
		{AF3DBBDE-E006-4DC3-9A26-CB0D7D82AE3C}.FullRelease|Win32.ActiveCfg = FullRelease|Win32
		{AF3DBBDE-E006-4DC3-9A26-CB0D7D82AE3C}.FullRelease|x64.ActiveCfg = FullRelease|Win32
		{AF3DBBDE-E006-4DC3-9A26-CB0D7D82AE3C}.Release|Mixed Platforms.ActiveCfg = Release|Win32
		{AF3DBBDE-E006-4DC3-9A26-CB0D7D82AE3C}.Release|Mixed Platforms.Build.0 = Release|Win32
		{AF3DBBDE-E006-4DC3-9A26-CB0D7D82AE3C}.Release|Win32.ActiveCfg = Release|Win32
		{AF3DBBDE-E006-4DC3-9A26-CB0D7D82AE3C}.Release|x64.ActiveCfg = Release|Win32
		{AF3DBBDE-E006-4DC3-9A26-CB0D7D82AE3C}.Test|Mixed Platforms.ActiveCfg = Test|Win32
		{AF3DBBDE-E006-4DC3-9A26-CB0D7D82AE3C}.Test|Mixed Platforms.Build.0 = Test|Win32
		{AF3DBBDE-E006-4DC3-9A26-CB0D7D82AE3C}.Test|Win32.ActiveCfg = Test|Win32
		{AF3DBBDE-E006-4DC3-9A26-CB0D7D82AE3C}.Test|x64.ActiveCfg = Test|Win32
		{DAF2EB1A-546A-41B3-9755-187562C01E3C}.Debug|Mixed Platforms.ActiveCfg = Debug|Win32
		{DAF2EB1A-546A-41B3-9755-187562C01E3C}.Debug|Mixed Platforms.Build.0 = Debug|Win32
		{DAF2EB1A-546A-41B3-9755-187562C01E3C}.Debug|Win32.ActiveCfg = Debug|Win32
		{DAF2EB1A-546A-41B3-9755-187562C01E3C}.Debug|x64.ActiveCfg = Debug|Win32
		{DAF2EB1A-546A-41B3-9755-187562C01E3C}.FullRelease|Mixed Platforms.ActiveCfg = FullRelease|Win32
		{DAF2EB1A-546A-41B3-9755-187562C01E3C}.FullRelease|Mixed Platforms.Build.0 = FullRelease|Win32
		{DAF2EB1A-546A-41B3-9755-187562C01E3C}.FullRelease|Win32.ActiveCfg = FullRelease|Win32
		{DAF2EB1A-546A-41B3-9755-187562C01E3C}.FullRelease|x64.ActiveCfg = FullRelease|Win32
		{DAF2EB1A-546A-41B3-9755-187562C01E3C}.Release|Mixed Platforms.ActiveCfg = Release|Win32
		{DAF2EB1A-546A-41B3-9755-187562C01E3C}.Release|Mixed Platforms.Build.0 = Release|Win32
		{DAF2EB1A-546A-41B3-9755-187562C01E3C}.Release|Win32.ActiveCfg = Release|Win32
		{DAF2EB1A-546A-41B3-9755-187562C01E3C}.Release|x64.ActiveCfg = Release|Win32
		{DAF2EB1A-546A-41B3-9755-187562C01E3C}.Test|Mixed Platforms.ActiveCfg = Test|Win32
		{DAF2EB1A-546A-41B3-9755-187562C01E3C}.Test|Mixed Platforms.Build.0 = Test|Win32
		{DAF2EB1A-546A-41B3-9755-187562C01E3C}.Test|Win32.ActiveCfg = Test|Win32
		{DAF2EB1A-546A-41B3-9755-187562C01E3C}.Test|x64.ActiveCfg = Test|Win32
		{C85288FB-A035-42CA-B5FB-8E6214319E97}.Debug|Mixed Platforms.ActiveCfg = Debug|Win32
		{C85288FB-A035-42CA-B5FB-8E6214319E97}.Debug|Mixed Platforms.Build.0 = Debug|Win32
		{C85288FB-A035-42CA-B5FB-8E6214319E97}.Debug|Win32.ActiveCfg = Debug|Win32
		{C85288FB-A035-42CA-B5FB-8E6214319E97}.Debug|x64.ActiveCfg = Debug|Win32
		{C85288FB-A035-42CA-B5FB-8E6214319E97}.FullRelease|Mixed Platforms.ActiveCfg = FullRelease|Win32
		{C85288FB-A035-42CA-B5FB-8E6214319E97}.FullRelease|Mixed Platforms.Build.0 = FullRelease|Win32
		{C85288FB-A035-42CA-B5FB-8E6214319E97}.FullRelease|Win32.ActiveCfg = FullRelease|Win32
		{C85288FB-A035-42CA-B5FB-8E6214319E97}.FullRelease|x64.ActiveCfg = FullRelease|Win32
		{C85288FB-A035-42CA-B5FB-8E6214319E97}.Release|Mixed Platforms.ActiveCfg = Release|Win32
		{C85288FB-A035-42CA-B5FB-8E6214319E97}.Release|Mixed Platforms.Build.0 = Release|Win32
		{C85288FB-A035-42CA-B5FB-8E6214319E97}.Release|Win32.ActiveCfg = Release|Win32
		{C85288FB-A035-42CA-B5FB-8E6214319E97}.Release|x64.ActiveCfg = Release|Win32
		{C85288FB-A035-42CA-B5FB-8E6214319E97}.Test|Mixed Platforms.ActiveCfg = Test|Win32
		{C85288FB-A035-42CA-B5FB-8E6214319E97}.Test|Mixed Platforms.Build.0 = Test|Win32
		{C85288FB-A035-42CA-B5FB-8E6214319E97}.Test|Win32.ActiveCfg = Test|Win32
		{C85288FB-A035-42CA-B5FB-8E6214319E97}.Test|x64.ActiveCfg = Test|Win32
		{960E83B5-9118-4EBD-AF50-18EFC1DC764B}.Debug|Mixed Platforms.ActiveCfg = Debug|Win32
		{960E83B5-9118-4EBD-AF50-18EFC1DC764B}.Debug|Mixed Platforms.Build.0 = Debug|Win32
		{960E83B5-9118-4EBD-AF50-18EFC1DC764B}.Debug|Win32.ActiveCfg = Debug|Win32
		{960E83B5-9118-4EBD-AF50-18EFC1DC764B}.Debug|x64.ActiveCfg = Debug|Win32
		{960E83B5-9118-4EBD-AF50-18EFC1DC764B}.FullRelease|Mixed Platforms.ActiveCfg = FullRelease|Win32
		{960E83B5-9118-4EBD-AF50-18EFC1DC764B}.FullRelease|Mixed Platforms.Build.0 = FullRelease|Win32
		{960E83B5-9118-4EBD-AF50-18EFC1DC764B}.FullRelease|Win32.ActiveCfg = FullRelease|Win32
		{960E83B5-9118-4EBD-AF50-18EFC1DC764B}.FullRelease|x64.ActiveCfg = FullRelease|Win32
		{960E83B5-9118-4EBD-AF50-18EFC1DC764B}.Release|Mixed Platforms.ActiveCfg = Release|Win32
		{960E83B5-9118-4EBD-AF50-18EFC1DC764B}.Release|Mixed Platforms.Build.0 = Release|Win32
		{960E83B5-9118-4EBD-AF50-18EFC1DC764B}.Release|Win32.ActiveCfg = Release|Win32
		{960E83B5-9118-4EBD-AF50-18EFC1DC764B}.Release|x64.ActiveCfg = Release|Win32
		{960E83B5-9118-4EBD-AF50-18EFC1DC764B}.Test|Mixed Platforms.ActiveCfg = Test|Win32
		{960E83B5-9118-4EBD-AF50-18EFC1DC764B}.Test|Mixed Platforms.Build.0 = Test|Win32
		{960E83B5-9118-4EBD-AF50-18EFC1DC764B}.Test|Win32.ActiveCfg = Test|Win32
		{960E83B5-9118-4EBD-AF50-18EFC1DC764B}.Test|x64.ActiveCfg = Test|Win32
		{79BDABE6-5308-4D64-8884-A5A35909D8D3}.Debug|Mixed Platforms.ActiveCfg = Debug|Win32
		{79BDABE6-5308-4D64-8884-A5A35909D8D3}.Debug|Mixed Platforms.Build.0 = Debug|Win32
		{79BDABE6-5308-4D64-8884-A5A35909D8D3}.Debug|Win32.ActiveCfg = Debug|Win32
		{79BDABE6-5308-4D64-8884-A5A35909D8D3}.Debug|x64.ActiveCfg = Debug|Win32
		{79BDABE6-5308-4D64-8884-A5A35909D8D3}.FullRelease|Mixed Platforms.ActiveCfg = FullRelease|Win32
		{79BDABE6-5308-4D64-8884-A5A35909D8D3}.FullRelease|Mixed Platforms.Build.0 = FullRelease|Win32
		{79BDABE6-5308-4D64-8884-A5A35909D8D3}.FullRelease|Win32.ActiveCfg = FullRelease|Win32
		{79BDABE6-5308-4D64-8884-A5A35909D8D3}.FullRelease|x64.ActiveCfg = FullRelease|Win32
		{79BDABE6-5308-4D64-8884-A5A35909D8D3}.Release|Mixed Platforms.ActiveCfg = Release|Win32
		{79BDABE6-5308-4D64-8884-A5A35909D8D3}.Release|Mixed Platforms.Build.0 = Release|Win32
		{79BDABE6-5308-4D64-8884-A5A35909D8D3}.Release|Win32.ActiveCfg = Release|Win32
		{79BDABE6-5308-4D64-8884-A5A35909D8D3}.Release|x64.ActiveCfg = Release|Win32
		{79BDABE6-5308-4D64-8884-A5A35909D8D3}.Test|Mixed Platforms.ActiveCfg = Test|Win32
		{79BDABE6-5308-4D64-8884-A5A35909D8D3}.Test|Mixed Platforms.Build.0 = Test|Win32
		{79BDABE6-5308-4D64-8884-A5A35909D8D3}.Test|Win32.ActiveCfg = Test|Win32
		{79BDABE6-5308-4D64-8884-A5A35909D8D3}.Test|x64.ActiveCfg = Test|Win32
		{E9F73E11-A463-45C6-A733-2BED75852BA1}.Debug|Mixed Platforms.ActiveCfg = Debug|Win32
		{E9F73E11-A463-45C6-A733-2BED75852BA1}.Debug|Mixed Platforms.Build.0 = Debug|Win32
		{E9F73E11-A463-45C6-A733-2BED75852BA1}.Debug|Win32.ActiveCfg = Debug|Win32
		{E9F73E11-A463-45C6-A733-2BED75852BA1}.Debug|x64.ActiveCfg = Debug|Win32
		{E9F73E11-A463-45C6-A733-2BED75852BA1}.FullRelease|Mixed Platforms.ActiveCfg = FullRelease|Win32
		{E9F73E11-A463-45C6-A733-2BED75852BA1}.FullRelease|Mixed Platforms.Build.0 = FullRelease|Win32
		{E9F73E11-A463-45C6-A733-2BED75852BA1}.FullRelease|Win32.ActiveCfg = FullRelease|Win32
		{E9F73E11-A463-45C6-A733-2BED75852BA1}.FullRelease|x64.ActiveCfg = FullRelease|Win32
		{E9F73E11-A463-45C6-A733-2BED75852BA1}.Release|Mixed Platforms.ActiveCfg = Release|Win32
		{E9F73E11-A463-45C6-A733-2BED75852BA1}.Release|Mixed Platforms.Build.0 = Release|Win32
		{E9F73E11-A463-45C6-A733-2BED75852BA1}.Release|Win32.ActiveCfg = Release|Win32
		{E9F73E11-A463-45C6-A733-2BED75852BA1}.Release|x64.ActiveCfg = Release|Win32
		{E9F73E11-A463-45C6-A733-2BED75852BA1}.Test|Mixed Platforms.ActiveCfg = Test|Win32
		{E9F73E11-A463-45C6-A733-2BED75852BA1}.Test|Mixed Platforms.Build.0 = Test|Win32
		{E9F73E11-A463-45C6-A733-2BED75852BA1}.Test|Win32.ActiveCfg = Test|Win32
		{E9F73E11-A463-45C6-A733-2BED75852BA1}.Test|x64.ActiveCfg = Test|Win32
		{38FAC3FB-A2B7-453F-8A6A-73B97201BB04}.Debug|Mixed Platforms.ActiveCfg = Debug|Win32
		{38FAC3FB-A2B7-453F-8A6A-73B97201BB04}.Debug|Mixed Platforms.Build.0 = Debug|Win32
		{38FAC3FB-A2B7-453F-8A6A-73B97201BB04}.Debug|Win32.ActiveCfg = Debug|Win32
		{38FAC3FB-A2B7-453F-8A6A-73B97201BB04}.Debug|x64.ActiveCfg = Debug|Win32
		{38FAC3FB-A2B7-453F-8A6A-73B97201BB04}.FullRelease|Mixed Platforms.ActiveCfg = Release|Win32
		{38FAC3FB-A2B7-453F-8A6A-73B97201BB04}.FullRelease|Mixed Platforms.Build.0 = Release|Win32
		{38FAC3FB-A2B7-453F-8A6A-73B97201BB04}.FullRelease|Win32.ActiveCfg = Release|Win32
		{38FAC3FB-A2B7-453F-8A6A-73B97201BB04}.FullRelease|x64.ActiveCfg = Release|Win32
		{38FAC3FB-A2B7-453F-8A6A-73B97201BB04}.Release|Mixed Platforms.ActiveCfg = Release|Win32
		{38FAC3FB-A2B7-453F-8A6A-73B97201BB04}.Release|Mixed Platforms.Build.0 = Release|Win32
		{38FAC3FB-A2B7-453F-8A6A-73B97201BB04}.Release|Win32.ActiveCfg = Release|Win32
		{38FAC3FB-A2B7-453F-8A6A-73B97201BB04}.Release|x64.ActiveCfg = Release|Win32
		{38FAC3FB-A2B7-453F-8A6A-73B97201BB04}.Test|Mixed Platforms.ActiveCfg = Test|Win32
		{38FAC3FB-A2B7-453F-8A6A-73B97201BB04}.Test|Mixed Platforms.Build.0 = Test|Win32
		{38FAC3FB-A2B7-453F-8A6A-73B97201BB04}.Test|Win32.ActiveCfg = Test|Win32
		{38FAC3FB-A2B7-453F-8A6A-73B97201BB04}.Test|x64.ActiveCfg = Test|Win32
		{6181E50C-5F32-42DC-BEF6-827AA8A5429D}.Debug|Mixed Platforms.ActiveCfg = Debug|Win32
		{6181E50C-5F32-42DC-BEF6-827AA8A5429D}.Debug|Mixed Platforms.Build.0 = Debug|Win32
		{6181E50C-5F32-42DC-BEF6-827AA8A5429D}.Debug|Win32.ActiveCfg = Debug|Win32
		{6181E50C-5F32-42DC-BEF6-827AA8A5429D}.Debug|x64.ActiveCfg = Debug|Win32
		{6181E50C-5F32-42DC-BEF6-827AA8A5429D}.FullRelease|Mixed Platforms.ActiveCfg = Release|Win32
		{6181E50C-5F32-42DC-BEF6-827AA8A5429D}.FullRelease|Mixed Platforms.Build.0 = Release|Win32
		{6181E50C-5F32-42DC-BEF6-827AA8A5429D}.FullRelease|Win32.ActiveCfg = Release|Win32
		{6181E50C-5F32-42DC-BEF6-827AA8A5429D}.FullRelease|x64.ActiveCfg = Release|Win32
		{6181E50C-5F32-42DC-BEF6-827AA8A5429D}.Release|Mixed Platforms.ActiveCfg = Release|Win32
		{6181E50C-5F32-42DC-BEF6-827AA8A5429D}.Release|Mixed Platforms.Build.0 = Release|Win32
		{6181E50C-5F32-42DC-BEF6-827AA8A5429D}.Release|Win32.ActiveCfg = Release|Win32
		{6181E50C-5F32-42DC-BEF6-827AA8A5429D}.Release|x64.ActiveCfg = Release|Win32
		{6181E50C-5F32-42DC-BEF6-827AA8A5429D}.Test|Mixed Platforms.ActiveCfg = Test|Win32
		{6181E50C-5F32-42DC-BEF6-827AA8A5429D}.Test|Mixed Platforms.Build.0 = Test|Win32
		{6181E50C-5F32-42DC-BEF6-827AA8A5429D}.Test|Win32.ActiveCfg = Test|Win32
		{6181E50C-5F32-42DC-BEF6-827AA8A5429D}.Test|x64.ActiveCfg = Test|Win32
		{2C44DD04-F5D6-4CC3-B0D6-1F4E51A0D962}.Debug|Mixed Platforms.ActiveCfg = Debug|Win32
		{2C44DD04-F5D6-4CC3-B0D6-1F4E51A0D962}.Debug|Mixed Platforms.Build.0 = Debug|Win32
		{2C44DD04-F5D6-4CC3-B0D6-1F4E51A0D962}.Debug|Win32.ActiveCfg = Debug|Win32
		{2C44DD04-F5D6-4CC3-B0D6-1F4E51A0D962}.Debug|x64.ActiveCfg = Debug|Win32
		{2C44DD04-F5D6-4CC3-B0D6-1F4E51A0D962}.FullRelease|Mixed Platforms.ActiveCfg = Release|Win32
		{2C44DD04-F5D6-4CC3-B0D6-1F4E51A0D962}.FullRelease|Mixed Platforms.Build.0 = Release|Win32
		{2C44DD04-F5D6-4CC3-B0D6-1F4E51A0D962}.FullRelease|Win32.ActiveCfg = Release|Win32
		{2C44DD04-F5D6-4CC3-B0D6-1F4E51A0D962}.FullRelease|x64.ActiveCfg = Release|Win32
		{2C44DD04-F5D6-4CC3-B0D6-1F4E51A0D962}.Release|Mixed Platforms.ActiveCfg = Release|Win32
		{2C44DD04-F5D6-4CC3-B0D6-1F4E51A0D962}.Release|Mixed Platforms.Build.0 = Release|Win32
		{2C44DD04-F5D6-4CC3-B0D6-1F4E51A0D962}.Release|Win32.ActiveCfg = Release|Win32
		{2C44DD04-F5D6-4CC3-B0D6-1F4E51A0D962}.Release|x64.ActiveCfg = Release|x64
		{2C44DD04-F5D6-4CC3-B0D6-1F4E51A0D962}.Test|Mixed Platforms.ActiveCfg = Test|Win32
		{2C44DD04-F5D6-4CC3-B0D6-1F4E51A0D962}.Test|Mixed Platforms.Build.0 = Test|Win32
		{2C44DD04-F5D6-4CC3-B0D6-1F4E51A0D962}.Test|Win32.ActiveCfg = Test|Win32
		{2C44DD04-F5D6-4CC3-B0D6-1F4E51A0D962}.Test|x64.ActiveCfg = Test|x64
		{8627DA33-98D1-4F60-B404-ECCEE0EE7BF9}.Debug|Mixed Platforms.ActiveCfg = Debug|Win32
		{8627DA33-98D1-4F60-B404-ECCEE0EE7BF9}.Debug|Mixed Platforms.Build.0 = Debug|Win32
		{8627DA33-98D1-4F60-B404-ECCEE0EE7BF9}.Debug|Win32.ActiveCfg = Debug|Win32
		{8627DA33-98D1-4F60-B404-ECCEE0EE7BF9}.Debug|x64.ActiveCfg = Debug|Win32
		{8627DA33-98D1-4F60-B404-ECCEE0EE7BF9}.FullRelease|Mixed Platforms.ActiveCfg = Release|Win32
		{8627DA33-98D1-4F60-B404-ECCEE0EE7BF9}.FullRelease|Mixed Platforms.Build.0 = Release|Win32
		{8627DA33-98D1-4F60-B404-ECCEE0EE7BF9}.FullRelease|Win32.ActiveCfg = Release|Win32
		{8627DA33-98D1-4F60-B404-ECCEE0EE7BF9}.FullRelease|x64.ActiveCfg = Release|Win32
		{8627DA33-98D1-4F60-B404-ECCEE0EE7BF9}.Release|Mixed Platforms.ActiveCfg = Release|Win32
		{8627DA33-98D1-4F60-B404-ECCEE0EE7BF9}.Release|Mixed Platforms.Build.0 = Release|Win32
		{8627DA33-98D1-4F60-B404-ECCEE0EE7BF9}.Release|Win32.ActiveCfg = Release|Win32
		{8627DA33-98D1-4F60-B404-ECCEE0EE7BF9}.Release|x64.ActiveCfg = Release|x64
		{8627DA33-98D1-4F60-B404-ECCEE0EE7BF9}.Test|Mixed Platforms.ActiveCfg = Test|Win32
		{8627DA33-98D1-4F60-B404-ECCEE0EE7BF9}.Test|Mixed Platforms.Build.0 = Test|Win32
		{8627DA33-98D1-4F60-B404-ECCEE0EE7BF9}.Test|Win32.ActiveCfg = Test|Win32
		{8627DA33-98D1-4F60-B404-ECCEE0EE7BF9}.Test|x64.ActiveCfg = Test|x64
		{98BA115B-829F-4085-9729-ABD0D779A60A}.Debug|Mixed Platforms.ActiveCfg = Debug|Win32
		{98BA115B-829F-4085-9729-ABD0D779A60A}.Debug|Mixed Platforms.Build.0 = Debug|Win32
		{98BA115B-829F-4085-9729-ABD0D779A60A}.Debug|Win32.ActiveCfg = Debug|Win32
		{98BA115B-829F-4085-9729-ABD0D779A60A}.Debug|x64.ActiveCfg = Debug|Win32
		{98BA115B-829F-4085-9729-ABD0D779A60A}.FullRelease|Mixed Platforms.ActiveCfg = Release|Win32
		{98BA115B-829F-4085-9729-ABD0D779A60A}.FullRelease|Mixed Platforms.Build.0 = Release|Win32
		{98BA115B-829F-4085-9729-ABD0D779A60A}.FullRelease|Win32.ActiveCfg = Release|Win32
		{98BA115B-829F-4085-9729-ABD0D779A60A}.FullRelease|x64.ActiveCfg = Release|Win32
		{98BA115B-829F-4085-9729-ABD0D779A60A}.Release|Mixed Platforms.ActiveCfg = Release|Win32
		{98BA115B-829F-4085-9729-ABD0D779A60A}.Release|Mixed Platforms.Build.0 = Release|Win32
		{98BA115B-829F-4085-9729-ABD0D779A60A}.Release|Win32.ActiveCfg = Release|Win32
		{98BA115B-829F-4085-9729-ABD0D779A60A}.Release|x64.ActiveCfg = Release|x64
		{98BA115B-829F-4085-9729-ABD0D779A60A}.Test|Mixed Platforms.ActiveCfg = Test|Win32
		{98BA115B-829F-4085-9729-ABD0D779A60A}.Test|Mixed Platforms.Build.0 = Test|Win32
		{98BA115B-829F-4085-9729-ABD0D779A60A}.Test|Win32.ActiveCfg = Test|Win32
		{98BA115B-829F-4085-9729-ABD0D779A60A}.Test|x64.ActiveCfg = Test|x64
		{BE211CE1-3955-4674-A664-5038FC791980}.Debug|Mixed Platforms.ActiveCfg = Debug|x86
		{BE211CE1-3955-4674-A664-5038FC791980}.Debug|Mixed Platforms.Build.0 = Debug|x86
		{BE211CE1-3955-4674-A664-5038FC791980}.Debug|Win32.ActiveCfg = Debug|x86
		{BE211CE1-3955-4674-A664-5038FC791980}.Debug|x64.ActiveCfg = Debug|x86
		{BE211CE1-3955-4674-A664-5038FC791980}.FullRelease|Mixed Platforms.ActiveCfg = Release|x86
		{BE211CE1-3955-4674-A664-5038FC791980}.FullRelease|Mixed Platforms.Build.0 = Release|x86
		{BE211CE1-3955-4674-A664-5038FC791980}.FullRelease|Win32.ActiveCfg = Release|x86
		{BE211CE1-3955-4674-A664-5038FC791980}.FullRelease|x64.ActiveCfg = Release|x64
		{BE211CE1-3955-4674-A664-5038FC791980}.Release|Mixed Platforms.ActiveCfg = Release|x86
		{BE211CE1-3955-4674-A664-5038FC791980}.Release|Mixed Platforms.Build.0 = Release|x86
		{BE211CE1-3955-4674-A664-5038FC791980}.Release|Win32.ActiveCfg = Release|x86
		{BE211CE1-3955-4674-A664-5038FC791980}.Release|x64.ActiveCfg = Release|x86
		{BE211CE1-3955-4674-A664-5038FC791980}.Test|Mixed Platforms.ActiveCfg = Release|x86
		{BE211CE1-3955-4674-A664-5038FC791980}.Test|Mixed Platforms.Build.0 = Release|x86
		{BE211CE1-3955-4674-A664-5038FC791980}.Test|Win32.ActiveCfg = Release|x86
		{BE211CE1-3955-4674-A664-5038FC791980}.Test|x64.ActiveCfg = Release|x86
	EndGlobalSection
	GlobalSection(SolutionProperties) = preSolution
		HideSolutionNode = FALSE
	EndGlobalSection
EndGlobal
