<?xml version="1.0" encoding="utf-8"?>
<Project ToolsVersion="4.0" xmlns="http://schemas.microsoft.com/developer/msbuild/2003">
  <ItemGroup>
    <Filter Include="win32">
      <UniqueIdentifier>{86cfeeb5-a9b0-4c06-bd94-69c258884a66}</UniqueIdentifier>
      <Extensions>cpp;c;cxx;rc;def;r;odl;idl;hpj;bat</Extensions>
    </Filter>
    <Filter Include="win32\Resource Files">
      <UniqueIdentifier>{5c4c971a-37b6-4c1e-82f1-d225ebb12808}</UniqueIdentifier>
      <Extensions>ico;cur;bmp;dlg;rc2;rct;bin;rgs;gif;jpg;jpeg;jpe</Extensions>
    </Filter>
    <Filter Include="common">
      <UniqueIdentifier>{c0e78831-47fa-48a0-a34e-8c3c4410c34b}</UniqueIdentifier>
      <Extensions>cpp;c;cxx;rc;def;r;odl;idl;hpj;bat</Extensions>
    </Filter>
    <Filter Include="jit">
      <UniqueIdentifier>{e76a708a-933c-4af4-bad2-0820d79b6a78}</UniqueIdentifier>
      <Extensions>cpp;c;cxx;rc;def;r;odl;idl;hpj;bat</Extensions>
    </Filter>
    <Filter Include="prowizard">
      <UniqueIdentifier>{dab2f6c7-d741-4002-b0c9-566a1536642a}</UniqueIdentifier>
    </Filter>
    <Filter Include="decompressors">
      <UniqueIdentifier>{f3ce6c07-bb5c-47dc-9e59-5e4acd06ff0d}</UniqueIdentifier>
    </Filter>
    <Filter Include="decompressors\dms">
      <UniqueIdentifier>{ae0450a0-e0ff-442b-8896-a21eb8769fae}</UniqueIdentifier>
    </Filter>
    <Filter Include="decompressors\7z">
      <UniqueIdentifier>{c52448a0-4965-449e-bbdd-e8cb8bf9227a}</UniqueIdentifier>
    </Filter>
    <Filter Include="decompressors\lha">
      <UniqueIdentifier>{492ad99e-6cf0-486b-8e97-083a9e50bb7c}</UniqueIdentifier>
    </Filter>
    <Filter Include="decompressors\zip">
      <UniqueIdentifier>{d030c158-bae4-4025-9d74-bfe643846c44}</UniqueIdentifier>
    </Filter>
    <Filter Include="decompressors\lzx">
      <UniqueIdentifier>{4abb311e-366e-4c88-bb5f-0086611a1145}</UniqueIdentifier>
    </Filter>
    <Filter Include="decompressors\xfd">
      <UniqueIdentifier>{4c157cd6-e04e-4dfa-ad84-a5e9f8abc1ed}</UniqueIdentifier>
    </Filter>
    <Filter Include="decompressors\wrp">
      <UniqueIdentifier>{43856f2f-e043-4cfe-aa2a-a767858d8ea4}</UniqueIdentifier>
    </Filter>
  </ItemGroup>
  <ItemGroup>
    <ClCompile Include="..\ahidsound_dsonly.cpp">
      <Filter>win32</Filter>
    </ClCompile>
    <ClCompile Include="..\ahidsound_new.cpp">
      <Filter>win32</Filter>
    </ClCompile>
    <ClCompile Include="..\avioutput.cpp">
      <Filter>win32</Filter>
    </ClCompile>
    <ClCompile Include="..\blkdev_win32_aspi.cpp">
      <Filter>win32</Filter>
    </ClCompile>
    <ClCompile Include="..\blkdev_win32_ioctl.cpp">
      <Filter>win32</Filter>
    </ClCompile>
    <ClCompile Include="..\blkdev_win32_spti.cpp">
      <Filter>win32</Filter>
    </ClCompile>
    <ClCompile Include="..\bsdsock.cpp">
      <Filter>win32</Filter>
    </ClCompile>
    <ClCompile Include="..\caps\caps_win32.cpp">
      <Filter>win32</Filter>
    </ClCompile>
    <ClCompile Include="..\clipboard_win32.cpp">
      <Filter>win32</Filter>
    </ClCompile>
    <ClCompile Include="..\debug_win32.cpp">
      <Filter>win32</Filter>
    </ClCompile>
    <ClCompile Include="..\dinput.cpp">
      <Filter>win32</Filter>
    </ClCompile>
    <ClCompile Include="..\direct3d.cpp">
      <Filter>win32</Filter>
    </ClCompile>
    <ClCompile Include="..\driveclick_win32.cpp">
      <Filter>win32</Filter>
    </ClCompile>
    <ClCompile Include="..\dxwrap.cpp">
      <Filter>win32</Filter>
    </ClCompile>
    <ClCompile Include="..\fsdb_mywin32.cpp">
      <Filter>win32</Filter>
    </ClCompile>
    <ClCompile Include="..\fsdb_win32.cpp">
      <Filter>win32</Filter>
    </ClCompile>
    <ClCompile Include="..\hardfile_win32.cpp">
      <Filter>win32</Filter>
    </ClCompile>
    <ClCompile Include="..\hq2x_d3d.cpp">
      <Filter>win32</Filter>
    </ClCompile>
    <ClCompile Include="..\ioport.cpp">
      <Filter>win32</Filter>
    </ClCompile>
    <ClCompile Include="..\keyboard_win32.cpp">
      <Filter>win32</Filter>
    </ClCompile>
    <ClCompile Include="..\lcd.cpp">
      <Filter>win32</Filter>
    </ClCompile>
    <ClCompile Include="..\midi.cpp">
      <Filter>win32</Filter>
    </ClCompile>
    <ClCompile Include="..\mman.cpp">
      <Filter>win32</Filter>
    </ClCompile>
    <ClCompile Include="..\parser.cpp">
      <Filter>win32</Filter>
    </ClCompile>
    <ClCompile Include="..\picasso96_win.cpp">
      <Filter>win32</Filter>
    </ClCompile>
    <ClCompile Include="..\posixemu.cpp">
      <Filter>win32</Filter>
    </ClCompile>
    <ClCompile Include="..\registry.cpp">
      <Filter>win32</Filter>
    </ClCompile>
    <ClCompile Include="..\cloanto\RetroPlatformGuestIPC.cpp">
      <Filter>win32</Filter>
    </ClCompile>
    <ClCompile Include="..\rp.cpp">
      <Filter>win32</Filter>
    </ClCompile>
    <ClCompile Include="..\scaler.cpp">
      <Filter>win32</Filter>
    </ClCompile>
    <ClCompile Include="..\scaler_more.cpp">
      <Filter>win32</Filter>
    </ClCompile>
    <ClCompile Include="..\screenshot.cpp">
      <Filter>win32</Filter>
    </ClCompile>
    <ClCompile Include="..\serial_win32.cpp">
      <Filter>win32</Filter>
    </ClCompile>
    <ClCompile Include="..\sounddep\sound.cpp">
      <Filter>win32</Filter>
    </ClCompile>
    <ClCompile Include="..\unicode.cpp">
      <Filter>win32</Filter>
    </ClCompile>
    <ClCompile Include="..\win32.cpp">
      <Filter>win32</Filter>
    </ClCompile>
    <ClCompile Include="..\win32_scale2x.cpp">
      <Filter>win32</Filter>
    </ClCompile>
    <ClCompile Include="..\win32_uaenet.cpp">
      <Filter>win32</Filter>
    </ClCompile>
    <ClCompile Include="..\win32gfx.cpp">
      <Filter>win32</Filter>
    </ClCompile>
    <ClCompile Include="..\win32gui.cpp">
      <Filter>win32</Filter>
    </ClCompile>
    <ClCompile Include="..\win32gui_extra.cpp">
      <Filter>win32</Filter>
    </ClCompile>
    <ClCompile Include="..\writelog.cpp">
      <Filter>win32</Filter>
    </ClCompile>
    <ClCompile Include="..\..\a2065.cpp">
      <Filter>common</Filter>
    </ClCompile>
    <ClCompile Include="..\..\a2091.cpp">
      <Filter>common</Filter>
    </ClCompile>
    <ClCompile Include="..\..\akiko.cpp">
      <Filter>common</Filter>
    </ClCompile>
    <ClCompile Include="..\..\amax.cpp">
      <Filter>common</Filter>
    </ClCompile>
    <ClCompile Include="..\..\ar.cpp">
      <Filter>common</Filter>
    </ClCompile>
    <ClCompile Include="..\..\arcadia.cpp">
      <Filter>common</Filter>
    </ClCompile>
    <ClCompile Include="..\..\audio.cpp">
      <Filter>common</Filter>
    </ClCompile>
    <ClCompile Include="..\..\autoconf.cpp">
      <Filter>common</Filter>
    </ClCompile>
    <ClCompile Include="..\..\blitfunc.cpp">
      <Filter>common</Filter>
    </ClCompile>
    <ClCompile Include="..\..\blittable.cpp">
      <Filter>common</Filter>
    </ClCompile>
    <ClCompile Include="..\..\blitter.cpp">
      <Filter>common</Filter>
    </ClCompile>
    <ClCompile Include="..\..\blkdev.cpp">
      <Filter>common</Filter>
    </ClCompile>
    <ClCompile Include="..\..\blkdev_cdimage.cpp">
      <Filter>common</Filter>
    </ClCompile>
    <ClCompile Include="..\..\bsdsocket.cpp">
      <Filter>common</Filter>
    </ClCompile>
    <ClCompile Include="..\..\catweasel.cpp">
      <Filter>common</Filter>
    </ClCompile>
    <ClCompile Include="..\..\cd32_fmv.cpp">
      <Filter>common</Filter>
    </ClCompile>
    <ClCompile Include="..\..\cdrom.cpp">
      <Filter>common</Filter>
    </ClCompile>
    <ClCompile Include="..\..\cdtv.cpp">
      <Filter>common</Filter>
    </ClCompile>
    <ClCompile Include="..\..\cfgfile.cpp">
      <Filter>common</Filter>
    </ClCompile>
    <ClCompile Include="..\..\cia.cpp">
      <Filter>common</Filter>
    </ClCompile>
    <ClCompile Include="..\..\consolehook.cpp">
      <Filter>common</Filter>
    </ClCompile>
    <ClCompile Include="..\..\cpudefs.cpp">
      <Filter>common</Filter>
    </ClCompile>
    <ClCompile Include="..\..\cpuemu_0.cpp">
      <Filter>common</Filter>
    </ClCompile>
    <ClCompile Include="..\..\cpuemu_11.cpp">
      <Filter>common</Filter>
    </ClCompile>
    <ClCompile Include="..\..\cpuemu_12.cpp">
      <Filter>common</Filter>
    </ClCompile>
    <ClCompile Include="..\..\cpuemu_20.cpp">
      <Filter>common</Filter>
    </ClCompile>
    <ClCompile Include="..\..\cpuemu_31.cpp">
      <Filter>common</Filter>
    </ClCompile>
    <ClCompile Include="..\..\cpummu.cpp">
      <Filter>common</Filter>
    </ClCompile>
    <ClCompile Include="..\..\cpustbl.cpp">
      <Filter>common</Filter>
    </ClCompile>
    <ClCompile Include="..\..\crc32.cpp">
      <Filter>common</Filter>
    </ClCompile>
    <ClCompile Include="..\..\custom.cpp">
      <Filter>common</Filter>
    </ClCompile>
    <ClCompile Include="..\..\debug.cpp">
      <Filter>common</Filter>
    </ClCompile>
    <ClCompile Include="..\..\disk.cpp">
      <Filter>common</Filter>
    </ClCompile>
    <ClCompile Include="..\..\diskutil.cpp">
      <Filter>common</Filter>
    </ClCompile>
    <ClCompile Include="..\..\dongle.cpp">
      <Filter>common</Filter>
    </ClCompile>
    <ClCompile Include="..\..\drawing.cpp">
      <Filter>common</Filter>
    </ClCompile>
    <ClCompile Include="..\..\driveclick.cpp">
      <Filter>common</Filter>
    </ClCompile>
    <ClCompile Include="..\..\enforcer.cpp">
      <Filter>common</Filter>
    </ClCompile>
    <ClCompile Include="..\..\epsonprinter.cpp">
      <Filter>common</Filter>
    </ClCompile>
    <ClCompile Include="..\..\ersatz.cpp">
      <Filter>common</Filter>
    </ClCompile>
    <ClCompile Include="..\..\expansion.cpp">
      <Filter>common</Filter>
    </ClCompile>
    <ClCompile Include="..\..\fdi2raw.cpp">
      <Filter>common</Filter>
    </ClCompile>
    <ClCompile Include="..\..\filesys.cpp">
      <Filter>common</Filter>
    </ClCompile>
    <ClCompile Include="..\..\fpp.cpp">
      <Filter>common</Filter>
    </ClCompile>
    <ClCompile Include="..\..\fsdb.cpp">
      <Filter>common</Filter>
    </ClCompile>
    <ClCompile Include="..\..\fsusage.cpp">
      <Filter>common</Filter>
    </ClCompile>
    <ClCompile Include="..\..\gayle.cpp">
      <Filter>common</Filter>
    </ClCompile>
    <ClCompile Include="..\..\gfxutil.cpp">
      <Filter>common</Filter>
    </ClCompile>
    <ClCompile Include="..\..\hardfile.cpp">
      <Filter>common</Filter>
    </ClCompile>
    <ClCompile Include="..\..\identify.cpp">
      <Filter>common</Filter>
    </ClCompile>
    <ClCompile Include="..\..\inputdevice.cpp">
      <Filter>common</Filter>
    </ClCompile>
    <ClCompile Include="..\..\keybuf.cpp">
      <Filter>common</Filter>
    </ClCompile>
    <ClCompile Include="..\..\main.cpp">
      <Filter>common</Filter>
    </ClCompile>
    <ClCompile Include="..\..\memory.cpp">
      <Filter>common</Filter>
    </ClCompile>
    <ClCompile Include="..\..\missing.cpp">
      <Filter>common</Filter>
    </ClCompile>
    <ClCompile Include="..\..\native2amiga.cpp">
      <Filter>common</Filter>
    </ClCompile>
    <ClCompile Include="..\..\ncr_scsi.cpp">
      <Filter>common</Filter>
    </ClCompile>
    <ClCompile Include="..\..\newcpu.cpp">
      <Filter>common</Filter>
    </ClCompile>
    <ClCompile Include="..\..\readcpu.cpp">
      <Filter>common</Filter>
    </ClCompile>
    <ClCompile Include="..\..\rommgr.cpp">
      <Filter>common</Filter>
    </ClCompile>
    <ClCompile Include="..\..\sampler.cpp">
      <Filter>common</Filter>
    </ClCompile>
    <ClCompile Include="..\..\sana2.cpp">
      <Filter>common</Filter>
    </ClCompile>
    <ClCompile Include="..\..\savestate.cpp">
      <Filter>common</Filter>
    </ClCompile>
    <ClCompile Include="..\..\scsi.cpp">
      <Filter>common</Filter>
    </ClCompile>
    <ClCompile Include="..\..\scsiemul.cpp">
      <Filter>common</Filter>
    </ClCompile>
    <ClCompile Include="..\..\traps.cpp">
      <Filter>common</Filter>
    </ClCompile>
    <ClCompile Include="..\..\uaeexe.cpp">
      <Filter>common</Filter>
    </ClCompile>
    <ClCompile Include="..\..\uaeipc.cpp">
      <Filter>common</Filter>
    </ClCompile>
    <ClCompile Include="..\..\uaelib.cpp">
      <Filter>common</Filter>
    </ClCompile>
    <ClCompile Include="..\..\uaeresource.cpp">
      <Filter>common</Filter>
    </ClCompile>
    <ClCompile Include="..\..\uaeserial.cpp">
      <Filter>common</Filter>
    </ClCompile>
    <ClCompile Include="..\..\zfile.cpp">
      <Filter>common</Filter>
    </ClCompile>
    <ClCompile Include="..\..\zfile_archive.cpp">
      <Filter>common</Filter>
    </ClCompile>
    <ClCompile Include="..\..\jit\compemu.cpp">
      <Filter>jit</Filter>
    </ClCompile>
    <ClCompile Include="..\..\jit\compemu_fpp.cpp">
      <Filter>jit</Filter>
    </ClCompile>
    <ClCompile Include="..\..\jit\compemu_support.cpp">
      <Filter>jit</Filter>
    </ClCompile>
    <ClCompile Include="..\..\jit\compstbl.cpp">
      <Filter>jit</Filter>
    </ClCompile>
    <ClCompile Include="..\..\moduleripper.cpp">
      <Filter>prowizard</Filter>
    </ClCompile>
    <ClCompile Include="..\..\archivers\dms\crc_csum.cpp">
      <Filter>decompressors\dms</Filter>
    </ClCompile>
    <ClCompile Include="..\..\archivers\dms\getbits.cpp">
      <Filter>decompressors\dms</Filter>
    </ClCompile>
    <ClCompile Include="..\..\archivers\dms\maketbl.cpp">
      <Filter>decompressors\dms</Filter>
    </ClCompile>
    <ClCompile Include="..\..\archivers\dms\pfile.cpp">
      <Filter>decompressors\dms</Filter>
    </ClCompile>
    <ClCompile Include="..\..\archivers\dms\tables.cpp">
      <Filter>decompressors\dms</Filter>
    </ClCompile>
    <ClCompile Include="..\..\archivers\dms\u_deep.cpp">
      <Filter>decompressors\dms</Filter>
    </ClCompile>
    <ClCompile Include="..\..\archivers\dms\u_heavy.cpp">
      <Filter>decompressors\dms</Filter>
    </ClCompile>
    <ClCompile Include="..\..\archivers\dms\u_init.cpp">
      <Filter>decompressors\dms</Filter>
    </ClCompile>
    <ClCompile Include="..\..\archivers\dms\u_medium.cpp">
      <Filter>decompressors\dms</Filter>
    </ClCompile>
    <ClCompile Include="..\..\archivers\dms\u_quick.cpp">
      <Filter>decompressors\dms</Filter>
    </ClCompile>
    <ClCompile Include="..\..\archivers\dms\u_rle.cpp">
      <Filter>decompressors\dms</Filter>
    </ClCompile>
    <ClCompile Include="..\..\archivers\7z\Archive\7z\7zAlloc.cpp">
      <Filter>decompressors\7z</Filter>
    </ClCompile>
    <ClCompile Include="..\..\archivers\7z\7zBuf.cpp">
      <Filter>decompressors\7z</Filter>
    </ClCompile>
    <ClCompile Include="..\..\archivers\7z\7zCrc.cpp">
      <Filter>decompressors\7z</Filter>
    </ClCompile>
    <ClCompile Include="..\..\archivers\7z\Archive\7z\7zDecode.cpp">
      <Filter>decompressors\7z</Filter>
    </ClCompile>
    <ClCompile Include="..\..\archivers\7z\Archive\7z\7zExtract.cpp">
      <Filter>decompressors\7z</Filter>
    </ClCompile>
    <ClCompile Include="..\..\archivers\7z\Archive\7z\7zHeader.cpp">
      <Filter>decompressors\7z</Filter>
    </ClCompile>
    <ClCompile Include="..\..\archivers\7z\Archive\7z\7zIn.cpp">
      <Filter>decompressors\7z</Filter>
    </ClCompile>
    <ClCompile Include="..\..\archivers\7z\Archive\7z\7zItem.cpp">
      <Filter>decompressors\7z</Filter>
    </ClCompile>
    <ClCompile Include="..\..\archivers\7z\7zStream.cpp">
      <Filter>decompressors\7z</Filter>
    </ClCompile>
    <ClCompile Include="..\..\archivers\7z\Bcj2.cpp">
      <Filter>decompressors\7z</Filter>
    </ClCompile>
    <ClCompile Include="..\..\archivers\7z\Bra.cpp">
      <Filter>decompressors\7z</Filter>
    </ClCompile>
    <ClCompile Include="..\..\archivers\7z\Bra86.cpp">
      <Filter>decompressors\7z</Filter>
    </ClCompile>
    <ClCompile Include="..\..\archivers\7z\LzmaDec.cpp">
      <Filter>decompressors\7z</Filter>
    </ClCompile>
    <ClCompile Include="..\..\archivers\lha\crcio.cpp">
      <Filter>decompressors\lha</Filter>
    </ClCompile>
    <ClCompile Include="..\..\archivers\lha\dhuf.cpp">
      <Filter>decompressors\lha</Filter>
    </ClCompile>
    <ClCompile Include="..\..\archivers\lha\header.cpp">
      <Filter>decompressors\lha</Filter>
    </ClCompile>
    <ClCompile Include="..\..\archivers\lha\huf.cpp">
      <Filter>decompressors\lha</Filter>
    </ClCompile>
    <ClCompile Include="..\..\archivers\lha\larc.cpp">
      <Filter>decompressors\lha</Filter>
    </ClCompile>
    <ClCompile Include="..\..\archivers\lha\lhamaketbl.cpp">
      <Filter>decompressors\lha</Filter>
    </ClCompile>
    <ClCompile Include="..\..\archivers\lha\lharc.cpp">
      <Filter>decompressors\lha</Filter>
    </ClCompile>
    <ClCompile Include="..\..\archivers\lha\shuf.cpp">
      <Filter>decompressors\lha</Filter>
    </ClCompile>
    <ClCompile Include="..\..\archivers\lha\slide.cpp">
      <Filter>decompressors\lha</Filter>
    </ClCompile>
    <ClCompile Include="..\..\archivers\lha\uae_lha.cpp">
      <Filter>decompressors\lha</Filter>
    </ClCompile>
    <ClCompile Include="..\..\archivers\lha\util.cpp">
      <Filter>decompressors\lha</Filter>
    </ClCompile>
    <ClCompile Include="..\..\archivers\zip\unzip.cpp">
      <Filter>decompressors\zip</Filter>
    </ClCompile>
    <ClCompile Include="..\..\archivers\lzx\unlzx.cpp">
      <Filter>decompressors\lzx</Filter>
    </ClCompile>
    <ClCompile Include="..\..\archivers\wrp\warp.cpp">
      <Filter>decompressors\wrp</Filter>
    </ClCompile>
  </ItemGroup>
  <ItemGroup>
    <None Include="..\resources\35floppy.ico">
      <Filter>win32\Resource Files</Filter>
    </None>
    <None Include="..\resources\amigainfo.ico">
      <Filter>win32\Resource Files</Filter>
    </None>
    <None Include="..\resources\avioutput.ico">
      <Filter>win32\Resource Files</Filter>
    </None>
    <None Include="..\resources\chip.ico">
      <Filter>win32\Resource Files</Filter>
    </None>
    <None Include="..\resources\configfile.ico">
      <Filter>win32\Resource Files</Filter>
    </None>
    <None Include="configfile.ico">
      <Filter>win32\Resource Files</Filter>
    </None>
    <None Include="..\resources\cpu.ico">
      <Filter>win32\Resource Files</Filter>
    </None>
    <None Include="diskimage.ico">
      <Filter>win32\Resource Files</Filter>
    </None>
    <None Include="..\resources\diskimage.ico">
      <Filter>win32\Resource Files</Filter>
    </None>
    <None Include="..\resources\Drive.ico">
      <Filter>win32\Resource Files</Filter>
    </None>
    <None Include="..\resources\expansion.ico">
      <Filter>win32\Resource Files</Filter>
    </None>
    <None Include="expansion.ico">
      <Filter>win32\Resource Files</Filter>
    </None>
    <None Include="..\resources\file.ico">
      <Filter>win32\Resource Files</Filter>
    </None>
    <None Include="file.ico">
      <Filter>win32\Resource Files</Filter>
    </None>
    <None Include="..\resources\folder.ico">
      <Filter>win32\Resource Files</Filter>
    </None>
    <None Include="..\resources\h_arrow.cur">
      <Filter>win32\Resource Files</Filter>
    </None>
    <None Include="..\resources\icon3.ico">
      <Filter>win32\Resource Files</Filter>
    </None>
    <None Include="..\resources\joystick.ico">
      <Filter>win32\Resource Files</Filter>
    </None>
    <None Include="..\resources\lcd.bmp">
      <Filter>win32\Resource Files</Filter>
    </None>
    <None Include="..\resources\misc.ico">
      <Filter>win32\Resource Files</Filter>
    </None>
    <None Include="..\resources\move_dow.ico">
      <Filter>win32\Resource Files</Filter>
    </None>
    <None Include="..\resources\move_up.ico">
      <Filter>win32\Resource Files</Filter>
    </None>
    <None Include="..\resources\paths.ico">
      <Filter>win32\Resource Files</Filter>
    </None>
    <None Include="..\resources\port.ico">
      <Filter>win32\Resource Files</Filter>
    </None>
    <None Include="port.ico">
      <Filter>win32\Resource Files</Filter>
    </None>
    <None Include="..\resources\quickstart.ico">
      <Filter>win32\Resource Files</Filter>
    </None>
    <None Include="..\resources\root.ico">
      <Filter>win32\Resource Files</Filter>
    </None>
    <None Include="..\resources\screen.ico">
      <Filter>win32\Resource Files</Filter>
    </None>
    <None Include="..\resources\sound.ico">
      <Filter>win32\Resource Files</Filter>
    </None>
    <None Include="..\resources\winuae.ico">
      <Filter>win32\Resource Files</Filter>
    </None>
    <None Include="..\resources\xarcade-winuae.bmp">
      <Filter>win32\Resource Files</Filter>
    </None>
    <None Include="..\resources\drive_click.wav" />
    <None Include="..\resources\drive_snatch.wav" />
    <None Include="..\resources\drive_spin.wav" />
    <None Include="..\resources\drive_spinnd.wav" />
    <None Include="..\resources\drive_startup.wav" />
    <None Include="..\resources\resource" />
  </ItemGroup>
  <ItemGroup>
    <ResourceCompile Include="..\resources\winuae.rc">
      <Filter>win32\Resource Files</Filter>
    </ResourceCompile>
  </ItemGroup>
  <ItemGroup>
    <Library Include="..\hq2x16.obj" />
    <Library Include="..\hq2x32.obj" />
    <Library Include="..\hq3x16.obj" />
    <Library Include="..\hq3x32.obj" />
    <Library Include="..\hq4x16.obj" />
    <Library Include="..\hq4x32.obj" />
  </ItemGroup>
</Project>